{
  "version": "2",
  "remote": {
    "https://deno.land/std@0.162.0/_util/assert.ts": "e94f2eb37cebd7f199952e242c77654e43333c1ac4c5c700e929ea3aa5489f74",
    "https://deno.land/std@0.162.0/encoding/csv.ts": "0715a643b2a8111c919fe7584bad78f776c28ca9301e64eace3cfe4f1a0c6045",
    "https://deno.land/std@0.162.0/encoding/csv/_io.ts": "91a61ee8ec8151126479453c71b7cb789fbb2bd224052360e39a79f81df1f3dc",
    "https://deno.land/std@0.162.0/encoding/csv/_parser.ts": "8deb087b8f068a331b4081885ac4feef0f340deb65b6e1ab3fa83871fb3ada5f",
    "https://deno.land/x/case@2.1.1/lowerCase.ts": "86d5533f9587ed60003181591e40e648838c23f371edfa79d00288153d113b16",
    "https://deno.land/x/case@2.1.1/normalCase.ts": "6a8b924da9ab0790d99233ae54bfcfc996d229cb91b2533639fe20972cc33dac",
    "https://deno.land/x/case@2.1.1/paramCase.ts": "cf3101c59fd4f16ee14fd09985adb7fa3dbfb194f102499986f7407995202394",
    "https://deno.land/x/case@2.1.1/types.ts": "8e2bd6edaa27c0d1972c0d5b76698564740f37b4d3787d58d1fb5f48de611e61",
    "https://deno.land/x/case@2.1.1/vendor/camelCaseRegexp.ts": "7d9ff02aad4ab6429eeab7c7353f7bcdd6cc5909a8bd3dda97918c8bbb7621ae",
    "https://deno.land/x/case@2.1.1/vendor/camelCaseUpperRegexp.ts": "292de54a698370f90adcdf95727993d09888b7f33d17f72f8e54ba75f7791787",
    "https://deno.land/x/case@2.1.1/vendor/nonWordRegexp.ts": "c1a052629a694144b48c66b0175a22a83f4d61cb40f4e45293fc5d6b123f927e",
    "https://esm.sh/rehype-remove-comments@5.0.0": "7539f4fc02a29e61f6eb0bcccb27e585dd6d90ca4e710eabf5c776d0fc97b32d",
    "https://esm.sh/remark-frontmatter@4.0.1": "8c5eb811b695672cba27b7324629b6a1f9ff9fee805ca29d38f4a8a619ad82b7",
    "https://esm.sh/remark-gfm@3.0.1": "288058580a5924393aa84ce90a3daef6639576132b1fb06345a0404a74a81522",
    "https://esm.sh/remark-remove-comments@0.2.0": "f36be60002fb8528b7ccce3d518690403cd04b28e678c7621ad765b4b01a6440",
    "https://esm.sh/v126/ccount@2.0.1/denonext/ccount.mjs": "7b32092651a866fcc992c028982ce5e911356da7653baa3febb1a8ccb93e30f8",
    "https://esm.sh/v126/character-entities@2.0.2/denonext/character-entities.mjs": "9e8657f056310ac3ca8058eaf96cef695ee13a4bf6c302674796a882464f305c",
    "https://esm.sh/v126/decode-named-character-reference@1.0.2/denonext/decode-named-character-reference.mjs": "311744565c97732b6cc0694072ccc802a68432f081748becdf8547d433bddcb5",
    "https://esm.sh/v126/escape-string-regexp@5.0.0/denonext/escape-string-regexp.mjs": "6080dd39c43a11f999a41172a27b8c58572d747d8276c039d93d4be8b21747a5",
    "https://esm.sh/v126/fault@2.0.1/denonext/fault.mjs": "4e0da61b509d7e638f334b207b9317ab7d9073928ebcd9f5b85d1e429eb35aa0",
    "https://esm.sh/v126/format@0.2.2/denonext/format.mjs": "4b5f307e1a0dab630893e8f5c91c4b38541d29b640ba6977adfecb2a22d3647d",
    "https://esm.sh/v126/hast-util-is-conditional-comment@2.0.0/denonext/hast-util-is-conditional-comment.mjs": "52b5e1b9d2e577b20ca4585331994ce031f2bff40fde858f99624b59372b8958",
    "https://esm.sh/v126/html-comment-regex@1.1.2/denonext/html-comment-regex.mjs": "e082eb9efb0483b7c9b029b4b554bf038d95a1879e4a05eef0e9ce3f3e06bd22",
    "https://esm.sh/v126/markdown-table@3.0.3/denonext/markdown-table.mjs": "1dd9cb2d2d95fc440cc10489ac77bf979c944e76070997d962e05f627f45df0e",
    "https://esm.sh/v126/mdast-util-find-and-replace@2.2.2/denonext/mdast-util-find-and-replace.mjs": "27ff9880b31a41249e54f79134fc1c68b759e4a7c8f38eaf42eb6d9e553a08ac",
    "https://esm.sh/v126/mdast-util-frontmatter@1.0.1/denonext/mdast-util-frontmatter.mjs": "350508f6fb7d143c25254a81fcc723313f49b9edba76d44d109da192a522b7e7",
    "https://esm.sh/v126/mdast-util-gfm-autolink-literal@1.0.3/denonext/mdast-util-gfm-autolink-literal.mjs": "8fa40ac7906309aeb7f8d6b25af97394b818fdab50f3d3487eff566ad9cfe1e0",
    "https://esm.sh/v126/mdast-util-gfm-footnote@1.0.2/denonext/mdast-util-gfm-footnote.mjs": "eec1fbdc934dfb1724bb9bcb0cbeb03affe186b669639211cc8e5323787c69cf",
    "https://esm.sh/v126/mdast-util-gfm-strikethrough@1.0.3/denonext/mdast-util-gfm-strikethrough.mjs": "7417536067575e9dfcbc400d8229572b2b62b3b13e6c0a17e211cbfffaebfb70",
    "https://esm.sh/v126/mdast-util-gfm-table@1.0.7/denonext/mdast-util-gfm-table.mjs": "9d220e873b6d18dc65e4e4dd39960993bac3f7d72f2f86e3620674ddb1dca3d0",
    "https://esm.sh/v126/mdast-util-gfm-task-list-item@1.0.2/denonext/mdast-util-gfm-task-list-item.mjs": "5286a3bd2a2a785307e5e627629dcae9e3cecaf6610a735c47fae846d3cade9f",
    "https://esm.sh/v126/mdast-util-gfm@2.0.2/denonext/mdast-util-gfm.mjs": "dc44251bc76da29bd9fca6cf26fa860e6c3e96f0cadf997036b21065837f8ad3",
    "https://esm.sh/v126/mdast-util-to-markdown@1.5.0/denonext/lib/handle/inline-code.js": "25f46b363e45574512e3d3b6809723e1932ab5f083844f678d328fcbcceb0de7",
    "https://esm.sh/v126/mdast-util-to-markdown@1.5.0/denonext/lib/handle/list-item.js": "eb22d954d06771aefcb41c19eb7f3cb33da6fc2c19b32b03f775494e1434b46a",
    "https://esm.sh/v126/mdast-util-to-markdown@1.5.0/denonext/lib/util/association.js": "ba392fdba6b10c10f05d72ec4b6347f11354d2b0eadbe8dae9c55e4dc11c70ab",
    "https://esm.sh/v126/mdast-util-to-markdown@1.5.0/denonext/lib/util/check-bullet.js": "e83d8c646baf55f05e748d79b1385f9fe3cfd6777fb1bed12db9e7158d919923",
    "https://esm.sh/v126/mdast-util-to-markdown@1.5.0/denonext/lib/util/check-list-item-indent.js": "078ba786c4ce3e8856293bd07a3d1f90c2361fe0105515318db91826ffade50d",
    "https://esm.sh/v126/mdast-util-to-markdown@1.5.0/denonext/lib/util/container-flow.js": "3735de16d58105c485c3eb304a700407b6108d81812c7623c50803dc68fa9498",
    "https://esm.sh/v126/mdast-util-to-markdown@1.5.0/denonext/lib/util/container-phrasing.js": "d37cbf5f47656c0dca1c974e7438383f1ad0d2f376ec8351d25a89ee46ff050f",
    "https://esm.sh/v126/mdast-util-to-markdown@1.5.0/denonext/lib/util/indent-lines.js": "f0c00ce02a330300bc74968470617e408bcdf48dd85e640e79aab57ed443bf4f",
    "https://esm.sh/v126/mdast-util-to-markdown@1.5.0/denonext/lib/util/pattern-compile.js": "4ebc0164937098ef8af0b629194b40311f26ac5f8133249f1650110fc9e64c50",
    "https://esm.sh/v126/mdast-util-to-markdown@1.5.0/denonext/lib/util/pattern-in-scope.js": "63e242dc83469e5120302533bdbeb7a4a9a778d336b1e785a9dc5a436c620145",
    "https://esm.sh/v126/mdast-util-to-markdown@1.5.0/denonext/lib/util/safe.js": "6e9a1380c5029bc9e0cd9967420e3021279097ff0821247e85d5b11808058a39",
    "https://esm.sh/v126/mdast-util-to-markdown@1.5.0/denonext/lib/util/track.js": "a91cdbfc1a4aed4b623ec3a5a553745b55fa8554722304ce31a4b6b98645d33d",
    "https://esm.sh/v126/micromark-core-commonmark@1.1.0/denonext/micromark-core-commonmark.mjs": "ad946c67dd82b2973a625953e16ffb4d595c89a543fb5984f0446b29875d4185",
    "https://esm.sh/v126/micromark-extension-frontmatter@1.1.1/denonext/matters.js": "d6e931310e19a44de4b88dc79684c60b61a20117ee18711bdf7ec4ae66380948",
    "https://esm.sh/v126/micromark-extension-frontmatter@1.1.1/denonext/micromark-extension-frontmatter.mjs": "2d9484eed3b64d9ba109c4d7dbaaa0e1dbc81d99628cfea552e01a2381c1578d",
    "https://esm.sh/v126/micromark-extension-gfm-autolink-literal@1.0.5/denonext/micromark-extension-gfm-autolink-literal.mjs": "cecd9d14e62b6597475383b79d4d1c9c4d0d5515f266051b58aca1b301fe6e7b",
    "https://esm.sh/v126/micromark-extension-gfm-footnote@1.1.2/denonext/micromark-extension-gfm-footnote.mjs": "b2c2733d505c04432d5c8c8228056a7a05ba9c2ebd1981bcda930ac9b6d5cd7b",
    "https://esm.sh/v126/micromark-extension-gfm-strikethrough@1.0.7/denonext/micromark-extension-gfm-strikethrough.mjs": "aec3746717bd00c7fd30eaad06702dbf7eb390e841dbf05f40468bd200d5b009",
    "https://esm.sh/v126/micromark-extension-gfm-table@1.0.7/denonext/micromark-extension-gfm-table.mjs": "a0445ec1936c77f03b8ce22f59e0b360a365b9a63a42d85c0942a27caac856fb",
    "https://esm.sh/v126/micromark-extension-gfm-tagfilter@1.0.2/denonext/micromark-extension-gfm-tagfilter.mjs": "b5d2226cdadb016da79889a312bdd56561f7dd8c1a444efe92d79bba635ae119",
    "https://esm.sh/v126/micromark-extension-gfm-task-list-item@1.0.5/denonext/micromark-extension-gfm-task-list-item.mjs": "dc81d93919f801f95fcf339de54a412edd13eb97a656254524d4be15938759be",
    "https://esm.sh/v126/micromark-extension-gfm@2.0.3/denonext/micromark-extension-gfm.mjs": "268c501bb321ae4855d1703b26eb921805513d4aecf79abc5360200cad7d99fd",
    "https://esm.sh/v126/micromark-factory-destination@1.1.0/denonext/micromark-factory-destination.mjs": "057d302d7a1e0c49e4a1be4b31da5e58954dfe4e8500eaf73351ffc062353ae6",
    "https://esm.sh/v126/micromark-factory-label@1.1.0/denonext/micromark-factory-label.mjs": "fd9ecc287b44f3c53b9b58b6433796bb7166ee04702600892eacb558832b47e6",
    "https://esm.sh/v126/micromark-factory-space@1.1.0/denonext/micromark-factory-space.mjs": "d355c0f3a415e7dcc22df8b1415c49bf01c68d7619b210876b25be6e68b7ef6b",
    "https://esm.sh/v126/micromark-factory-title@1.1.0/denonext/micromark-factory-title.mjs": "883e9d955683ce87dfadeaaa7ff5e2504fe7acfaa19511f4f9483c86e77f370c",
    "https://esm.sh/v126/micromark-factory-whitespace@1.1.0/denonext/micromark-factory-whitespace.mjs": "3f0560f28b80c3d371b040b613d9def29af66025c85489ccb19339c43b38d8a6",
    "https://esm.sh/v126/micromark-util-character@1.2.0/denonext/micromark-util-character.mjs": "be2f95646c829378e2f33d0e8b03e7e057f2387cd54f9c18c3d48a87fbc909c9",
    "https://esm.sh/v126/micromark-util-chunked@1.1.0/denonext/micromark-util-chunked.mjs": "896f816c52b791283f998076bcea3ff9a4bbd2bf858d96be6079400939ae8c9d",
    "https://esm.sh/v126/micromark-util-classify-character@1.1.0/denonext/micromark-util-classify-character.mjs": "212d21f0ab913eab58ca95b7501ec7581224b837ca6eb336f2447a9305a16bfc",
    "https://esm.sh/v126/micromark-util-combine-extensions@1.1.0/denonext/micromark-util-combine-extensions.mjs": "eca0adf8ce491fec952cfb095002991076dc11fe8452880a4f66aa4f4fd5a9e7",
    "https://esm.sh/v126/micromark-util-decode-numeric-character-reference@1.1.0/denonext/micromark-util-decode-numeric-character-reference.mjs": "d9d2a8fc3648db44a49c0284d088db354b39c5623e1497c4127ad103594a7948",
    "https://esm.sh/v126/micromark-util-decode-string@1.1.0/denonext/micromark-util-decode-string.mjs": "40853eb51ebb358b05472b5af0ad480e2c2b0e589d7711316c86f0972b91bee7",
    "https://esm.sh/v126/micromark-util-encode@1.1.0/denonext/micromark-util-encode.mjs": "e9c399d8913ebe2b736a8259fb061740fd8ad632e7f933e27fb67f442c7e48e3",
    "https://esm.sh/v126/micromark-util-html-tag-name@1.2.0/denonext/micromark-util-html-tag-name.mjs": "81ed9b1fe3f6dd5290991b4bf39d034ddfd6cdbb4f5352ab61769e4c2eb3fbd3",
    "https://esm.sh/v126/micromark-util-normalize-identifier@1.1.0/denonext/micromark-util-normalize-identifier.mjs": "27b873a22954a139d8215b722b0a867b4f1f718cd261ea3f884f997a0d3e0e08",
    "https://esm.sh/v126/micromark-util-resolve-all@1.1.0/denonext/micromark-util-resolve-all.mjs": "ee8f55a86b2bfcc1be3d15bbd8b106755a51916ae4c75c962cc044f6b2a22d46",
    "https://esm.sh/v126/micromark-util-sanitize-uri@1.2.0/denonext/micromark-util-sanitize-uri.mjs": "0eb8e90e9caaf60f6980cb894f7b106f4ecdcf1dc65235e2badeaa95655a423a",
    "https://esm.sh/v126/micromark-util-subtokenize@1.1.0/denonext/micromark-util-subtokenize.mjs": "536d895eb2d6c2d5407e10bad3744634106bba4d73e6b4d032efa2d304963982",
    "https://esm.sh/v126/rehype-remove-comments@5.0.0/denonext/rehype-remove-comments.mjs": "8061b01995b7e68c5dcfbf25b8a6ed49b52e2f34125aa52edca086ca4308c4fa",
    "https://esm.sh/v126/remark-frontmatter@4.0.1/denonext/remark-frontmatter.mjs": "aaed92c72efbb86036c36daad84435fe296d7c850d2e0950718b6cd080cf903b",
    "https://esm.sh/v126/remark-gfm@3.0.1/denonext/remark-gfm.mjs": "2dcdd9e550c9fd633b094ce5ca362a65d2ccf75e7ed077a80ed421d0f1143950",
    "https://esm.sh/v126/remark-remove-comments@0.2.0/denonext/remark-remove-comments.mjs": "0ea0d73ef34cabc3821d8f2a99b3b7f401b7201555909aaf69fe4ad2b258f124",
    "https://esm.sh/v126/unist-util-filter@4.0.1/denonext/unist-util-filter.mjs": "3ff89e25f17d529b6931271e9a407c34ef0d8e3a9a1f64d1adf48feec53b8293",
    "https://esm.sh/v126/unist-util-is@4.1.0/denonext/convert.js": "64f12ffacc09615b63385a0430408149a0673cb64b0a159aa0090e6f45facfbe",
    "https://esm.sh/v126/unist-util-is@5.2.1/denonext/unist-util-is.mjs": "771abea65db57c71e2a3d98200242c362337617e63881fc9954e891dde32277c",
    "https://esm.sh/v126/unist-util-visit-parents@3.1.1/denonext/unist-util-visit-parents.mjs": "733bdbc7d61d8c693ac0bc1a24eacebda74f549b67ecc553bcee13a2b06ec780",
    "https://esm.sh/v126/unist-util-visit-parents@5.1.3/denonext/unist-util-visit-parents.mjs": "ded52b134215d6eeffcd2bbbd28a48cf776b0cabc5cea69ab4d4c08179cdf8d3",
    "https://esm.sh/v126/unist-util-visit@2.0.3/denonext/unist-util-visit.mjs": "aaf92f8b1c2d5a4471c50f2dd6007d57a13c9c487341a05471a7f300073be92d",
    "https://esm.sh/v99/bail@2.0.2/denonext/bail.mjs": "cab740cf24417dfad8567cbb78a49ae7e492ecca299f2b3185520805aba4d073",
    "https://esm.sh/v99/bcp-47-match@2.0.3/denonext/bcp-47-match.mjs": "d31a67a3142c05c57d87b65d09e2ea0c7382752be34f5f0ac8c37684aa8270a2",
    "https://esm.sh/v99/boolbase@1.0.0/denonext/boolbase.mjs": "4e3bd67e9b1c5c55094eae98345d0107c6a44ef57bd3d4b9579698fa44722280",
    "https://esm.sh/v99/ccount@2.0.1/denonext/ccount.mjs": "7b32092651a866fcc992c028982ce5e911356da7653baa3febb1a8ccb93e30f8",
    "https://esm.sh/v99/character-entities-html4@2.1.0/denonext/character-entities-html4.mjs": "0b4e64d1b0152acbeec6d854eadce6ceb2de05b0f459ad47485afa206f745f10",
    "https://esm.sh/v99/character-entities-legacy@3.0.0/denonext/character-entities-legacy.mjs": "5da76ada1554e4956dc6b702ba92b56a3faf158b24bf45279c522e85f5d9cd21",
    "https://esm.sh/v99/character-entities@2.0.2/denonext/character-entities.mjs": "9e8657f056310ac3ca8058eaf96cef695ee13a4bf6c302674796a882464f305c",
    "https://esm.sh/v99/comma-separated-tokens@2.0.3/denonext/comma-separated-tokens.mjs": "ad5df8a36487e0a63d15bbbb6bab8b153e08583d0d5eb6d0058cd0fc619252e0",
    "https://esm.sh/v99/css-selector-parser@1.4.1/denonext/css-selector-parser.mjs": "e386409633fc4808b27c183f46b9bba6b8396376b62a9c0e12fb70448c3f912e",
    "https://esm.sh/v99/decode-named-character-reference@1.0.2/denonext/decode-named-character-reference.mjs": "fc56cda274d1b838cb79e681be355dd67c23ad88b148f4efec5ec381a5e5ccae",
    "https://esm.sh/v99/direction@2.0.1/denonext/direction.mjs": "61e2bf2cd45d4171162ec465f98e4996f8d00158bdad90cd7c815f3a363e48b6",
    "https://esm.sh/v99/extend@3.0.2/denonext/extend.mjs": "6ab9e4890dfa54ec88fa326fca525c211141d6da72188f54e9610d1281219c9e",
    "https://esm.sh/v99/hast-util-embedded@2.0.1/denonext/hast-util-embedded.mjs": "aeda7f3def216119dece649d0493a3a13e9ea8800ee5f77694150ec34b5c70a5",
    "https://esm.sh/v99/hast-util-from-parse5@7.1.2/denonext/hast-util-from-parse5.mjs": "bd2ec9c62572df010c4f631053b0aa70cbcb260fb1f7cacdcaaba2185ac789a3",
    "https://esm.sh/v99/hast-util-has-property@2.0.1/denonext/hast-util-has-property.mjs": "048e2e7410fe0c94adaf13a23be52cc4d1ded111241c55ea62735161554a6d88",
    "https://esm.sh/v99/hast-util-is-body-ok-link@2.0.0/denonext/hast-util-is-body-ok-link.mjs": "c1770dad0fda5774062cf3101d85e1c1d8f7e703bb1754464b7e7ecb3a13d006",
    "https://esm.sh/v99/hast-util-is-element@2.1.2": "8a193a92a02884bfe96195ce7fa209e96b2e825675910dc281b4ac61f2568415",
    "https://esm.sh/v99/hast-util-is-element@2.1.2/denonext/hast-util-is-element.mjs": "ed784e18c9d1fcc6545d3d77a49898f570a6c3acae2a7ab8dcd7a936d789a1d4",
    "https://esm.sh/v99/hast-util-is-element@2.1.3/denonext/hast-util-is-element.mjs": "c1c57613a9ccf9f53e518ac56bd5c66f48bd2e9881b1bc6c6b83193f7e93115c",
    "https://esm.sh/v99/hast-util-parse-selector@3.1.1/denonext/hast-util-parse-selector.mjs": "df576c8298a048d9aad89506f5884db91bc249bb6e221b9fd3b228eb40980a62",
    "https://esm.sh/v99/hast-util-phrasing@2.0.2/denonext/hast-util-phrasing.mjs": "1473adcae878fd41dcbaf121e4b8b23356e51902ba884820ad9436da0fa180b6",
    "https://esm.sh/v99/hast-util-select@5.0.2": "bd25e16a907bee8860e80af6e4f0147ef520d60fd3875b444e83f3fa042151a8",
    "https://esm.sh/v99/hast-util-select@5.0.2/denonext/hast-util-select.mjs": "190efc8e00c4f9f9615a0a1db4809a1b8363111d71656af160df0df912d80320",
    "https://esm.sh/v99/hast-util-to-html@8.0.3": "7fe090914760e8fde567ed4281817be73826acdbbfad446cae478e881a738bcd",
    "https://esm.sh/v99/hast-util-to-html@8.0.3/denonext/hast-util-to-html.mjs": "fd3bdfecff368ea08b40a6cc97f92622717c6928a0b9f5c803d1cb07378db7f5",
    "https://esm.sh/v99/hast-util-to-mdast@8.4.1": "d47c6f92065224616efc0fe3c153c89e79fd069d394180d88d6f75fe1e5f9ce9",
    "https://esm.sh/v99/hast-util-to-mdast@8.4.1/denonext/hast-util-to-mdast.mjs": "b4ade7b56f3c31747fcb941b77577f5877e88e258b7ce120dd5fb55f9ed60ff5",
    "https://esm.sh/v99/hast-util-to-string@2.0.0/denonext/hast-util-to-string.mjs": "5c8ecf2b2754f8addf28d5e207c37b17972708b0e2a63055452a8c4013911ca1",
    "https://esm.sh/v99/hast-util-to-text@3.1.2/denonext/hast-util-to-text.mjs": "31efb90cf52b16ab52c2eafbca2de78534e4cfd27d00438e266ade4a3f253d1b",
    "https://esm.sh/v99/hast-util-whitespace@2.0.1/denonext/hast-util-whitespace.mjs": "0d45cf1a1b1d7ba26d5a3f2fda8c929b02ef701786e656ade327d8c3f7b390bb",
    "https://esm.sh/v99/hastscript@7.1.0": "2884a785641be7fc4614ed3394ccbb39a6ee0757ebe435e4593dda7469ea945c",
    "https://esm.sh/v99/hastscript@7.1.0/denonext/hastscript.mjs": "7e5e0f815f0854db00a2977cf6a56895787a5b96030076a8f955d6659129d390",
    "https://esm.sh/v99/hastscript@7.2.0/denonext/hastscript.mjs": "913563e366785d32b3fcc1c8556d8da9d83d8f8b80ed53046102125041d64b0a",
    "https://esm.sh/v99/html-void-elements@2.0.1/denonext/html-void-elements.mjs": "10f57d4f9d680bf2de32538d6aaf879f20d4ee02dd57879aa232319d6c984f54",
    "https://esm.sh/v99/is-buffer@2.0.5/denonext/is-buffer.mjs": "87d027d2c668d773b7037bd49fc1c12ed6af26b9f176aacf338c7901237b8867",
    "https://esm.sh/v99/is-plain-obj@4.1.0/denonext/is-plain-obj.mjs": "d3d86a7174ad7935de7b00f904b6424c103bce530c502efb7f42114cbb1a555f",
    "https://esm.sh/v99/longest-streak@3.1.0/denonext/longest-streak.mjs": "97b1d8c42d407e285971fea218d89a0404270c3b841a26ec62b83f62450ad573",
    "https://esm.sh/v99/mdast-util-phrasing@3.0.1/denonext/mdast-util-phrasing.mjs": "87cf4f7e1809ad0dd0978ea0e35946bc68b87a084b9e9372b919f4dff5a85918",
    "https://esm.sh/v99/mdast-util-to-markdown@1.3.0": "de0593fa4ea96a6a8b0b9e2e6ad66b99a40eaec458711ca1c1f50ae9911a97a6",
    "https://esm.sh/v99/mdast-util-to-markdown@1.3.0/denonext/mdast-util-to-markdown.mjs": "07faa2b9e83cbb14aba8157d31cfd4f4801013ad66a751157407b84c53706e90",
    "https://esm.sh/v99/mdast-util-to-markdown@1.5.0/denonext/mdast-util-to-markdown.mjs": "f7c7178bc74a227b129f51fd0877d510dc09d3a81487ae34b84440a912e02e9b",
    "https://esm.sh/v99/mdast-util-to-string@3.2.0/denonext/mdast-util-to-string.mjs": "64fef8fd2a9fdb8abcff4ff6c086c273123c0833c13e465d6c9f82332d1e239c",
    "https://esm.sh/v99/micromark-util-decode-numeric-character-reference@1.1.0/denonext/micromark-util-decode-numeric-character-reference.mjs": "d9d2a8fc3648db44a49c0284d088db354b39c5623e1497c4127ad103594a7948",
    "https://esm.sh/v99/micromark-util-decode-string@1.1.0/denonext/micromark-util-decode-string.mjs": "23dc8fccda162316aa795b979e46189252b03adbc5c6035e92673db8824d4040",
    "https://esm.sh/v99/nlcst-to-string@3.1.0": "9c11a28d8219d3dee5f6471520e5062ba451815772eb3ae2d37d648f2b50f372",
    "https://esm.sh/v99/nlcst-to-string@3.1.0/denonext/nlcst-to-string.mjs": "25e8af61ed097c69c5806fba628772c315ed7599dd238c6c72f46460973628e9",
    "https://esm.sh/v99/nth-check@2.1.1/denonext/nth-check.mjs": "9ab8254f7a3db6bbbed80da0442f409bb2acfba94c4beb636c1142d7f46a5123",
    "https://esm.sh/v99/parse5@6.0.1/denonext/lib/common/doctype.js": "1a42cf9bb7d63acec7c679f714e482be2df1cff65d56332c4657557e9e8b7136",
    "https://esm.sh/v99/parse5@6.0.1/denonext/lib/common/error-codes.js": "90dd0ec75093be840defe59b9e48702e4d8600ef8df48140f1756516e0859e6d",
    "https://esm.sh/v99/parse5@6.0.1/denonext/lib/common/foreign-content.js": "c8ae07591a8dd945737adeeac9196e0ada46595571ddc51352ef7739fa58a198",
    "https://esm.sh/v99/parse5@6.0.1/denonext/lib/common/html.js": "29dab210cc719afda3f5a429d9a017fad5a1f628d0f8e655ef6bbb3d9bdfcb76",
    "https://esm.sh/v99/parse5@6.0.1/denonext/lib/common/unicode.js": "cccefba444816fde799c3544e7a9224ec497cbc77ba222351dd2739fd474993f",
    "https://esm.sh/v99/parse5@6.0.1/denonext/lib/extensions/error-reporting/mixin-base.js": "9bbfc9f4cd93f87fb132b417e89f6698b074a042856b49afd9764a76e8ddb57b",
    "https://esm.sh/v99/parse5@6.0.1/denonext/lib/extensions/error-reporting/parser-mixin.js": "6ed1ac4977cca8a9b7fadaee600278902fcc1282c9bee4fe162de69222c41613",
    "https://esm.sh/v99/parse5@6.0.1/denonext/lib/extensions/error-reporting/preprocessor-mixin.js": "40cc73c1e544537c55da0fa9520b168b45d525a45c8f4a4145ea9ae30cc8db73",
    "https://esm.sh/v99/parse5@6.0.1/denonext/lib/extensions/error-reporting/tokenizer-mixin.js": "c828f78b9976fb8daeb6938f90bfd3fbac8183bae7dbed3a3ce24f5c31c02813",
    "https://esm.sh/v99/parse5@6.0.1/denonext/lib/extensions/location-info/open-element-stack-mixin.js": "d44b917346f2782db968cfbbda4592609e0ee0efa8d51e115f7e993e74a14bbc",
    "https://esm.sh/v99/parse5@6.0.1/denonext/lib/extensions/location-info/parser-mixin.js": "d08be3719becfa8b0bc8bf16dd51fa32c70a32b02c080b117cf3eabae7c20c14",
    "https://esm.sh/v99/parse5@6.0.1/denonext/lib/extensions/location-info/tokenizer-mixin.js": "bfd36e71bb1305ca83af77cfd3fb916449231e3b02dcbc3f9dbcd3142635257a",
    "https://esm.sh/v99/parse5@6.0.1/denonext/lib/extensions/position-tracking/preprocessor-mixin.js": "984bf10abbe2c85eb9b25fa5c072aa9827be6652413c04676ac1d5d8274e65c9",
    "https://esm.sh/v99/parse5@6.0.1/denonext/lib/parser.js": "ab6fd2ab5c295feb81d39bbb3e4a430ce7fe159d6fba67d8298c4c38f3abc444",
    "https://esm.sh/v99/parse5@6.0.1/denonext/lib/parser/formatting-element-list.js": "ea95cd6b1bec0570cacd0475a44bf8c31fa50d5eb784b14eecabaac5548b7fa5",
    "https://esm.sh/v99/parse5@6.0.1/denonext/lib/parser/open-element-stack.js": "27527cd08bb7fdcee2194696a7f1d8f9229ef5fcfa98d23998f1ae03c37c7d0b",
    "https://esm.sh/v99/parse5@6.0.1/denonext/lib/tokenizer.js": "91983cc5cf9a6dc76ac29c6a0a2c30b6a8d1b10418f984ba518c5dc91be35353",
    "https://esm.sh/v99/parse5@6.0.1/denonext/lib/tokenizer/named-entity-data.js": "11903427f6c87099f174a704fb644e2c652a32e74a0499d27cca699a1dbbca76",
    "https://esm.sh/v99/parse5@6.0.1/denonext/lib/tokenizer/preprocessor.js": "082621acda3b9933d1d3c2ce7921f1d3fd5999b8ffb1deb16991e621d7925031",
    "https://esm.sh/v99/parse5@6.0.1/denonext/lib/tree-adapters/default.js": "f576556895de3006c51e389c545ecdb9f34e2568de1d6642c723dbbed847d6b6",
    "https://esm.sh/v99/parse5@6.0.1/denonext/lib/utils/merge-options.js": "70d1ae1f8288055e36a4d7781653eb5bfd1e051b2e83ccdf1e48ec3b8938395a",
    "https://esm.sh/v99/parse5@6.0.1/denonext/lib/utils/mixin.js": "51d4bae185f1438a472918f758306ec7240e7f014d356a3d58551fe031e33aa5",
    "https://esm.sh/v99/property-information@6.2.0/denonext/property-information.mjs": "c36042799161605d2ba2af318abf697a41e77e7ef5c80f5740de470db7776b9c",
    "https://esm.sh/v99/rehype-minify-whitespace@5.0.1/denonext/rehype-minify-whitespace.mjs": "580383696d89adb8da69c52e55e7d79301934424e7aa83613bcaa4bc08d573f1",
    "https://esm.sh/v99/rehype-parse@8.0.4": "76d115153dfb29f0c927028b80b7ef322fa519e4d56e6099c1249e84ddacfe27",
    "https://esm.sh/v99/rehype-parse@8.0.4/denonext/rehype-parse.mjs": "030ef22c840e2d0744087aa17db199d09f79f96fe66d4ee47e8505d61a6d8e47",
    "https://esm.sh/v99/rehype-remark@9.1.2": "fe55220c0e679a33ea3986af1d9b57562bf82c4d16e950c4dfd4e7be04a70f7b",
    "https://esm.sh/v99/rehype-remark@9.1.2/denonext/rehype-remark.mjs": "1fc29649fa98ef4d5b89fa06a8a5a36017a92ded931817a8f8d37ffcf9c45f51",
    "https://esm.sh/v99/remark-stringify@10.0.2": "67fb19e6f46791a6b244535010490d3ebffb3b862cbc2d1edce039303c9874af",
    "https://esm.sh/v99/remark-stringify@10.0.2/denonext/remark-stringify.mjs": "a613d3460344e41c0459ddfc2407d6b688a8fe058f0a69c1729c730b3186121d",
    "https://esm.sh/v99/space-separated-tokens@2.0.2/denonext/space-separated-tokens.mjs": "f30773a9959cacfe7511c250e5d125a9f88ee00d3aef6e87b4d17fe49806b276",
    "https://esm.sh/v99/stringify-entities@4.0.3/denonext/stringify-entities.mjs": "9e723e7e5a1b8979da0e4107af52c1ac6ea978657cc03a570a87533076bb44a7",
    "https://esm.sh/v99/trim-trailing-lines@2.1.0/denonext/trim-trailing-lines.mjs": "94632220d7dcef7d9db5032757dc844f71edf6ce0406ad53f40a5608098b79e2",
    "https://esm.sh/v99/trough@2.1.0/denonext/trough.mjs": "d7c1b66bf8739a28bcc6bbf17919f6b54b7b25cceabfb0e694d192232c83f1fd",
    "https://esm.sh/v99/unified@10.1.2": "0d4cb1d87057025933cf2ba55287a8f849e7d93edac1ba1fa85b9bfba5f0694c",
    "https://esm.sh/v99/unified@10.1.2/denonext/unified.mjs": "339b9ec5d9ea1e0585655ca455c51146d9bb533663e50c40f353e12e75970d6d",
    "https://esm.sh/v99/unist-util-find-after@4.0.1/denonext/unist-util-find-after.mjs": "2e0e94d8588c48e460f5e45d5924419c173557aa72c6ee63fe54e082652ab96c",
    "https://esm.sh/v99/unist-util-is@5.2.1/denonext/unist-util-is.mjs": "771abea65db57c71e2a3d98200242c362337617e63881fc9954e891dde32277c",
    "https://esm.sh/v99/unist-util-stringify-position@3.0.3/denonext/unist-util-stringify-position.mjs": "e3b2256d68ec8d5ceeb204afe84492e69182ad264a876309a33def43aa34111d",
    "https://esm.sh/v99/unist-util-visit-parents@5.1.3/denonext/unist-util-visit-parents.mjs": "7f640c3f72b9bc4711b3bebfcfd0e741e9ccf7a6efd7b0b9fcab755e7d51da12",
    "https://esm.sh/v99/unist-util-visit@4.1.1": "bf8c8d4fa40159ff7af8f8247a1fe589a2eac90baa9737441a78318d244d1095",
    "https://esm.sh/v99/unist-util-visit@4.1.1/denonext/unist-util-visit.mjs": "171f7caa7dcf1f43ffd7e578d140c980eda0c2b9aeb6229ccdb33caa3ef61e64",
    "https://esm.sh/v99/unist-util-visit@4.1.2/denonext/unist-util-visit.mjs": "3a2e62bfd369ebf7d5bf44c696700630c6d01fe53a7be63d8d792fb130a5f4d6",
    "https://esm.sh/v99/vfile-location@4.1.0/denonext/vfile-location.mjs": "aa64a017e8059406f649f12a564162b61f1fa6ac0e4498c250e4309a9bc617bf",
    "https://esm.sh/v99/vfile-message@3.1.4/denonext/vfile-message.mjs": "ab5128bf21ed5e0f9055f4bea2393aae86baaaff4dbd90235bcd96c0c89671a6",
    "https://esm.sh/v99/vfile@5.3.6": "c0b0c24601511fa1f407c125d58d9d1622854bae15d1348b7e708dba5fedb20a",
    "https://esm.sh/v99/vfile@5.3.6/denonext/vfile.mjs": "5adcdd1a6678fe16e9ccde31324e460b5bad4da64f4a26ff6aa96a94a4247938",
    "https://esm.sh/v99/vfile@5.3.7/denonext/vfile.mjs": "efd733f7ba05d49a66df5864f85a022ba48a98123c6d477d3d0aed5244bc0696",
    "https://esm.sh/v99/web-namespaces@2.0.1/denonext/web-namespaces.mjs": "bc6ee363bbe40abddca68678e849584981176d9bde3728b4c5d47a5241dac7bf",
    "https://esm.sh/v99/zwitch@2.0.4/denonext/zwitch.mjs": "c0e8c246a1f38b425335ea78cc366a7801d3ef89701229a35f85a51310e6e49f"
  }
}
