{
  "version": "3",
  "remote": {
    "https://deno.land/std@0.162.0/_util/assert.ts": "e94f2eb37cebd7f199952e242c77654e43333c1ac4c5c700e929ea3aa5489f74",
    "https://deno.land/std@0.162.0/encoding/csv.ts": "0715a643b2a8111c919fe7584bad78f776c28ca9301e64eace3cfe4f1a0c6045",
    "https://deno.land/std@0.162.0/encoding/csv/_io.ts": "91a61ee8ec8151126479453c71b7cb789fbb2bd224052360e39a79f81df1f3dc",
    "https://deno.land/std@0.162.0/encoding/csv/_parser.ts": "8deb087b8f068a331b4081885ac4feef0f340deb65b6e1ab3fa83871fb3ada5f",
    "https://deno.land/x/case@2.1.1/lowerCase.ts": "86d5533f9587ed60003181591e40e648838c23f371edfa79d00288153d113b16",
    "https://deno.land/x/case@2.1.1/normalCase.ts": "6a8b924da9ab0790d99233ae54bfcfc996d229cb91b2533639fe20972cc33dac",
    "https://deno.land/x/case@2.1.1/paramCase.ts": "cf3101c59fd4f16ee14fd09985adb7fa3dbfb194f102499986f7407995202394",
    "https://deno.land/x/case@2.1.1/types.ts": "8e2bd6edaa27c0d1972c0d5b76698564740f37b4d3787d58d1fb5f48de611e61",
    "https://deno.land/x/case@2.1.1/vendor/camelCaseRegexp.ts": "7d9ff02aad4ab6429eeab7c7353f7bcdd6cc5909a8bd3dda97918c8bbb7621ae",
    "https://deno.land/x/case@2.1.1/vendor/camelCaseUpperRegexp.ts": "292de54a698370f90adcdf95727993d09888b7f33d17f72f8e54ba75f7791787",
    "https://deno.land/x/case@2.1.1/vendor/nonWordRegexp.ts": "c1a052629a694144b48c66b0175a22a83f4d61cb40f4e45293fc5d6b123f927e",
    "https://esm.sh/rehype-remove-comments@5.0.0": "89380a88429df07e8ee084cc05feaa1d2c8d34a0bd638adfbf4e548ea01dd912",
    "https://esm.sh/remark-frontmatter@4.0.1": "8dae1e590bca1bbb558e17f1e696063fc0ad3ef6b1f9d7c49d5b804ae79dc8fb",
    "https://esm.sh/remark-gfm@3.0.1": "4156c86a06869d7ce0c26a7402f59bcb78448e8cb806c24b639a96f0a3d086d8",
    "https://esm.sh/remark-remove-comments@0.2.0": "aca622150f210f5e689662544a069cc51feb08cc7130ad480752ccb51587aa6f",
    "https://esm.sh/v135/ccount@2.0.1/denonext/ccount.mjs": "7b32092651a866fcc992c028982ce5e911356da7653baa3febb1a8ccb93e30f8",
    "https://esm.sh/v135/character-entities@2.0.2/denonext/character-entities.mjs": "9e8657f056310ac3ca8058eaf96cef695ee13a4bf6c302674796a882464f305c",
    "https://esm.sh/v135/decode-named-character-reference@1.0.2/denonext/decode-named-character-reference.mjs": "1a5a8f9cbe302be478e964ab701be8644dbdfd4d8ce9f14de186cf84ee2a4bc1",
    "https://esm.sh/v135/escape-string-regexp@5.0.0/denonext/escape-string-regexp.mjs": "6080dd39c43a11f999a41172a27b8c58572d747d8276c039d93d4be8b21747a5",
    "https://esm.sh/v135/fault@2.0.1/denonext/fault.mjs": "3020bde23eea0e686b9fa20ede62ffe834ad796eb94d041ebb2cb345883fdc94",
    "https://esm.sh/v135/format@0.2.2/denonext/format.mjs": "4b5f307e1a0dab630893e8f5c91c4b38541d29b640ba6977adfecb2a22d3647d",
    "https://esm.sh/v135/hast-util-is-conditional-comment@2.0.0/denonext/hast-util-is-conditional-comment.mjs": "52b5e1b9d2e577b20ca4585331994ce031f2bff40fde858f99624b59372b8958",
    "https://esm.sh/v135/html-comment-regex@1.1.2/denonext/html-comment-regex.mjs": "e082eb9efb0483b7c9b029b4b554bf038d95a1879e4a05eef0e9ce3f3e06bd22",
    "https://esm.sh/v135/markdown-table@3.0.3/denonext/markdown-table.mjs": "1dd9cb2d2d95fc440cc10489ac77bf979c944e76070997d962e05f627f45df0e",
    "https://esm.sh/v135/mdast-util-find-and-replace@2.2.2/denonext/mdast-util-find-and-replace.mjs": "89d060f3cb9fda5c54586a9f7ded7e08a08a3e116bd02e8e9ae5441f4fb906f1",
    "https://esm.sh/v135/mdast-util-frontmatter@1.0.1/denonext/mdast-util-frontmatter.mjs": "d63365f7957342676d88d9727e57f5f09c6e1b6f6594969c1bd825c668065b65",
    "https://esm.sh/v135/mdast-util-gfm-autolink-literal@1.0.3/denonext/mdast-util-gfm-autolink-literal.mjs": "e87257b76cfac1641e17e0f94ee140932fe77d15b41a1b965e8ebd01cea2835c",
    "https://esm.sh/v135/mdast-util-gfm-footnote@1.0.2/denonext/mdast-util-gfm-footnote.mjs": "db18a4dfe337aa470f9c6e673b9b24a325ffc0fe1515044c891107f03f95a951",
    "https://esm.sh/v135/mdast-util-gfm-strikethrough@1.0.3/denonext/mdast-util-gfm-strikethrough.mjs": "f317077ee65c2307c0be01bc304525881cd82dd8b2ee7689a715c48be2ad801e",
    "https://esm.sh/v135/mdast-util-gfm-table@1.0.7/denonext/mdast-util-gfm-table.mjs": "a59bb68e93dd3fed93b286d8ce19174bfce8250490fbf6a9063f57d762c485fe",
    "https://esm.sh/v135/mdast-util-gfm-task-list-item@1.0.2/denonext/mdast-util-gfm-task-list-item.mjs": "4378b5fc027a96cf1c529e73cb5988a4df16fa8ec87b6fe9dedf6573074dbbb0",
    "https://esm.sh/v135/mdast-util-gfm@2.0.2/denonext/mdast-util-gfm.mjs": "6c9f7459038fb77dc48470173e2c0a32ee6051861c419bed0e916191b215c113",
    "https://esm.sh/v135/mdast-util-to-markdown@1.5.0/denonext/lib/handle/inline-code.js": "3422bf53f674376874415f159bf7a07e938c4d0d5b8b7542c98748009075be7d",
    "https://esm.sh/v135/mdast-util-to-markdown@1.5.0/denonext/lib/handle/list-item.js": "3db183cad97c344db70eebf0ea5df747739e022ff4f56b9d4037619f2db09698",
    "https://esm.sh/v135/mdast-util-to-markdown@1.5.0/denonext/lib/util/association.js": "5d246a32ffeff1a3d28ae76046089833e9bcf47c7e1ac1808934ecc94452999c",
    "https://esm.sh/v135/mdast-util-to-markdown@1.5.0/denonext/lib/util/container-flow.js": "3735de16d58105c485c3eb304a700407b6108d81812c7623c50803dc68fa9498",
    "https://esm.sh/v135/mdast-util-to-markdown@1.5.0/denonext/lib/util/container-phrasing.js": "d37cbf5f47656c0dca1c974e7438383f1ad0d2f376ec8351d25a89ee46ff050f",
    "https://esm.sh/v135/mdast-util-to-markdown@1.5.0/denonext/lib/util/indent-lines.js": "f0c00ce02a330300bc74968470617e408bcdf48dd85e640e79aab57ed443bf4f",
    "https://esm.sh/v135/mdast-util-to-markdown@1.5.0/denonext/lib/util/safe.js": "ce43e3a9f314dbf8ac8536857f81ae7ff1a8b15a78caa91a2ca07cb53d4d843b",
    "https://esm.sh/v135/mdast-util-to-markdown@1.5.0/denonext/lib/util/track.js": "a91cdbfc1a4aed4b623ec3a5a553745b55fa8554722304ce31a4b6b98645d33d",
    "https://esm.sh/v135/micromark-core-commonmark@1.1.0/denonext/micromark-core-commonmark.mjs": "8ea80a972a2cfd19222b79d35cab88e3a79d4835fd5fe0e05ad000c13994365e",
    "https://esm.sh/v135/micromark-extension-frontmatter@1.1.1/denonext/matters.js": "01868eb09f54211e08d6b887f6dd59fd5a595e0ca5ffb6ddd13cdde0cbb1fdad",
    "https://esm.sh/v135/micromark-extension-frontmatter@1.1.1/denonext/micromark-extension-frontmatter.mjs": "1bd7562d6eb5602be61327a2f1257914662b98f64b7ded5f31e3c5cbd92d9303",
    "https://esm.sh/v135/micromark-extension-gfm-autolink-literal@1.0.5/denonext/micromark-extension-gfm-autolink-literal.mjs": "b339e45c3e7dc7e6959b1caf931b37f406b83de5776a2093516bb72af998ae39",
    "https://esm.sh/v135/micromark-extension-gfm-footnote@1.1.2/denonext/micromark-extension-gfm-footnote.mjs": "0977b8cd30fc7f2c0399dcd81c556d4fe16b7978cacb8894f95ef786a3525b33",
    "https://esm.sh/v135/micromark-extension-gfm-strikethrough@1.0.7/denonext/micromark-extension-gfm-strikethrough.mjs": "de6672973fa9532d8a093d623cbdb4cb45791313fa669be23595aeb4a4efbbc3",
    "https://esm.sh/v135/micromark-extension-gfm-table@1.0.7/denonext/micromark-extension-gfm-table.mjs": "dfcc80cdf933d046eb42fed9fab5be322aee0782a1a2005c668fb0c328622d82",
    "https://esm.sh/v135/micromark-extension-gfm-tagfilter@1.0.2/denonext/micromark-extension-gfm-tagfilter.mjs": "b5d2226cdadb016da79889a312bdd56561f7dd8c1a444efe92d79bba635ae119",
    "https://esm.sh/v135/micromark-extension-gfm-task-list-item@1.0.5/denonext/micromark-extension-gfm-task-list-item.mjs": "06127967f4ba80059dcd342fdf61a9a9e3a6da43475f824626ba51ec9c83397d",
    "https://esm.sh/v135/micromark-extension-gfm@2.0.3/denonext/micromark-extension-gfm.mjs": "460c6e2974adc3c5428f9db3e519d5924ff308709a517348e547a5a8b3f2e61a",
    "https://esm.sh/v135/micromark-factory-destination@1.1.0/denonext/micromark-factory-destination.mjs": "0f4cfe8c7ee7f08eff79ec901fb8857f48b2bf89e39b40e81addffe70cd44017",
    "https://esm.sh/v135/micromark-factory-label@1.1.0/denonext/micromark-factory-label.mjs": "e15744c4e428fba31a126cd96c044c4207d0ad98a1568d9ec28cc7e177db3ff5",
    "https://esm.sh/v135/micromark-factory-space@1.1.0/denonext/micromark-factory-space.mjs": "ce486bfa164b884cfa19ff1eb405de9c8bddb7eeaf568d010750e727b4b39793",
    "https://esm.sh/v135/micromark-factory-title@1.1.0/denonext/micromark-factory-title.mjs": "005b75bb04244521012a5140453679bcaa6c75b8b2341ee3c7685ef1c9856421",
    "https://esm.sh/v135/micromark-factory-whitespace@1.1.0/denonext/micromark-factory-whitespace.mjs": "d70c19de434b2d46749c9e27326591ef7c10cfa8a33b59c74860da7754e9c225",
    "https://esm.sh/v135/micromark-util-character@1.2.0/denonext/micromark-util-character.mjs": "be2f95646c829378e2f33d0e8b03e7e057f2387cd54f9c18c3d48a87fbc909c9",
    "https://esm.sh/v135/micromark-util-chunked@1.1.0/denonext/micromark-util-chunked.mjs": "896f816c52b791283f998076bcea3ff9a4bbd2bf858d96be6079400939ae8c9d",
    "https://esm.sh/v135/micromark-util-classify-character@1.1.0/denonext/micromark-util-classify-character.mjs": "ff64bc52c4e6d1fbeeaefd9be488d34dc556041098bd6357cd228b5f9dc096b6",
    "https://esm.sh/v135/micromark-util-combine-extensions@1.1.0/denonext/micromark-util-combine-extensions.mjs": "0db50d493dbeac6b1b04671180c6b7f9dea800e07ccc80d0559afb8b70f74c3a",
    "https://esm.sh/v135/micromark-util-decode-numeric-character-reference@1.1.0/denonext/micromark-util-decode-numeric-character-reference.mjs": "d9d2a8fc3648db44a49c0284d088db354b39c5623e1497c4127ad103594a7948",
    "https://esm.sh/v135/micromark-util-decode-string@1.1.0/denonext/micromark-util-decode-string.mjs": "2bd3d285c564875e319170c5c8e0aba6d73d4e38c53d03bba2af352b032e184a",
    "https://esm.sh/v135/micromark-util-encode@1.1.0/denonext/micromark-util-encode.mjs": "e9c399d8913ebe2b736a8259fb061740fd8ad632e7f933e27fb67f442c7e48e3",
    "https://esm.sh/v135/micromark-util-html-tag-name@1.2.0/denonext/micromark-util-html-tag-name.mjs": "81ed9b1fe3f6dd5290991b4bf39d034ddfd6cdbb4f5352ab61769e4c2eb3fbd3",
    "https://esm.sh/v135/micromark-util-normalize-identifier@1.1.0/denonext/micromark-util-normalize-identifier.mjs": "27b873a22954a139d8215b722b0a867b4f1f718cd261ea3f884f997a0d3e0e08",
    "https://esm.sh/v135/micromark-util-resolve-all@1.1.0/denonext/micromark-util-resolve-all.mjs": "ee8f55a86b2bfcc1be3d15bbd8b106755a51916ae4c75c962cc044f6b2a22d46",
    "https://esm.sh/v135/micromark-util-sanitize-uri@1.2.0/denonext/micromark-util-sanitize-uri.mjs": "7ca2662f0520db2dce82e5ef3925163fa7ebee4215021a2aa63eed62e222fbc7",
    "https://esm.sh/v135/micromark-util-subtokenize@1.1.0/denonext/micromark-util-subtokenize.mjs": "9e3712a2c1b703a286509669b2a13796a48408b33793ab29b7c52131f2593523",
    "https://esm.sh/v135/rehype-remove-comments@5.0.0/denonext/rehype-remove-comments.mjs": "599484850291ec25c2be8000d20408af4c78c085eb1d5396cf695ba2a7cf4a9f",
    "https://esm.sh/v135/remark-frontmatter@4.0.1/denonext/remark-frontmatter.mjs": "896acc3ce1c78fa469d96ffc72d3d291417d70e3caf487deaf42767d33d099fb",
    "https://esm.sh/v135/remark-gfm@3.0.1/denonext/remark-gfm.mjs": "05540077c681802de7429829034eaca531313a309c75f9da53b39dc748bd11f5",
    "https://esm.sh/v135/remark-remove-comments@0.2.0/denonext/remark-remove-comments.mjs": "af5f9dd57f8a21e9af45dcf50f997d124b29f3f8bad890298d61c59766d24252",
    "https://esm.sh/v135/unist-util-filter@4.0.1/denonext/unist-util-filter.mjs": "d70e106298271b483c359b095b7094c9c88170f5d55be3fdec9145d0102d80db",
    "https://esm.sh/v135/unist-util-is@4.1.0/denonext/convert.js": "64f12ffacc09615b63385a0430408149a0673cb64b0a159aa0090e6f45facfbe",
    "https://esm.sh/v135/unist-util-is@5.2.1/denonext/unist-util-is.mjs": "771abea65db57c71e2a3d98200242c362337617e63881fc9954e891dde32277c",
    "https://esm.sh/v135/unist-util-visit-parents@3.1.1/denonext/unist-util-visit-parents.mjs": "82e336eacfe83e3019a3c6fa26ba8806571b6b48440a6895465d7a80c701e721",
    "https://esm.sh/v135/unist-util-visit-parents@5.1.3/denonext/unist-util-visit-parents.mjs": "ba7da2ff52f5918f6189e059e076a0d9d5a1b1cda05483f26bafb23659d5e1f4",
    "https://esm.sh/v135/unist-util-visit@2.0.3/denonext/unist-util-visit.mjs": "1daeb8fa58f31b01bf72c2f94b272c053147980a2d66bd462de8193c7042244b",
    "https://esm.sh/v99/bail@2.0.2/denonext/bail.mjs": "cab740cf24417dfad8567cbb78a49ae7e492ecca299f2b3185520805aba4d073",
    "https://esm.sh/v99/bcp-47-match@2.0.3/denonext/bcp-47-match.mjs": "d31a67a3142c05c57d87b65d09e2ea0c7382752be34f5f0ac8c37684aa8270a2",
    "https://esm.sh/v99/boolbase@1.0.0/denonext/boolbase.mjs": "4e3bd67e9b1c5c55094eae98345d0107c6a44ef57bd3d4b9579698fa44722280",
    "https://esm.sh/v99/ccount@2.0.1/denonext/ccount.mjs": "7b32092651a866fcc992c028982ce5e911356da7653baa3febb1a8ccb93e30f8",
    "https://esm.sh/v99/character-entities-html4@2.1.0/denonext/character-entities-html4.mjs": "0b4e64d1b0152acbeec6d854eadce6ceb2de05b0f459ad47485afa206f745f10",
    "https://esm.sh/v99/character-entities-legacy@3.0.0/denonext/character-entities-legacy.mjs": "5da76ada1554e4956dc6b702ba92b56a3faf158b24bf45279c522e85f5d9cd21",
    "https://esm.sh/v99/character-entities@2.0.2/denonext/character-entities.mjs": "9e8657f056310ac3ca8058eaf96cef695ee13a4bf6c302674796a882464f305c",
    "https://esm.sh/v99/comma-separated-tokens@2.0.3/denonext/comma-separated-tokens.mjs": "ad5df8a36487e0a63d15bbbb6bab8b153e08583d0d5eb6d0058cd0fc619252e0",
    "https://esm.sh/v99/css-selector-parser@1.4.1/denonext/css-selector-parser.mjs": "e386409633fc4808b27c183f46b9bba6b8396376b62a9c0e12fb70448c3f912e",
    "https://esm.sh/v99/decode-named-character-reference@1.0.2/denonext/decode-named-character-reference.mjs": "fc56cda274d1b838cb79e681be355dd67c23ad88b148f4efec5ec381a5e5ccae",
    "https://esm.sh/v99/direction@2.0.1/denonext/direction.mjs": "61e2bf2cd45d4171162ec465f98e4996f8d00158bdad90cd7c815f3a363e48b6",
    "https://esm.sh/v99/extend@3.0.2/denonext/extend.mjs": "6ab9e4890dfa54ec88fa326fca525c211141d6da72188f54e9610d1281219c9e",
    "https://esm.sh/v99/hast-util-embedded@2.0.1/denonext/hast-util-embedded.mjs": "aeda7f3def216119dece649d0493a3a13e9ea8800ee5f77694150ec34b5c70a5",
    "https://esm.sh/v99/hast-util-from-parse5@7.1.2/denonext/hast-util-from-parse5.mjs": "bd2ec9c62572df010c4f631053b0aa70cbcb260fb1f7cacdcaaba2185ac789a3",
    "https://esm.sh/v99/hast-util-has-property@2.0.1/denonext/hast-util-has-property.mjs": "048e2e7410fe0c94adaf13a23be52cc4d1ded111241c55ea62735161554a6d88",
    "https://esm.sh/v99/hast-util-is-body-ok-link@2.0.0/denonext/hast-util-is-body-ok-link.mjs": "c1770dad0fda5774062cf3101d85e1c1d8f7e703bb1754464b7e7ecb3a13d006",
    "https://esm.sh/v99/hast-util-is-element@2.1.2": "475e79ed2411371655aa090fc83efdd98a356bb090e012324b87ca141c0dd00f",
    "https://esm.sh/v99/hast-util-is-element@2.1.2/denonext/hast-util-is-element.mjs": "ed784e18c9d1fcc6545d3d77a49898f570a6c3acae2a7ab8dcd7a936d789a1d4",
    "https://esm.sh/v99/hast-util-is-element@2.1.3/denonext/hast-util-is-element.mjs": "c1c57613a9ccf9f53e518ac56bd5c66f48bd2e9881b1bc6c6b83193f7e93115c",
    "https://esm.sh/v99/hast-util-parse-selector@3.1.1/denonext/hast-util-parse-selector.mjs": "df576c8298a048d9aad89506f5884db91bc249bb6e221b9fd3b228eb40980a62",
    "https://esm.sh/v99/hast-util-phrasing@2.0.2/denonext/hast-util-phrasing.mjs": "1473adcae878fd41dcbaf121e4b8b23356e51902ba884820ad9436da0fa180b6",
    "https://esm.sh/v99/hast-util-select@5.0.2": "f714c99d3769e5c8dfa5b27e4dbf0b01c8f7b4e1e577182db9dee7d32b0841b5",
    "https://esm.sh/v99/hast-util-select@5.0.2/denonext/hast-util-select.mjs": "190efc8e00c4f9f9615a0a1db4809a1b8363111d71656af160df0df912d80320",
    "https://esm.sh/v99/hast-util-to-html@8.0.3": "02c24b8cf14c3d8c50061602b2e937eab86ebe66042e3c89be42dd8caf8c1ff9",
    "https://esm.sh/v99/hast-util-to-html@8.0.3/denonext/hast-util-to-html.mjs": "fd3bdfecff368ea08b40a6cc97f92622717c6928a0b9f5c803d1cb07378db7f5",
    "https://esm.sh/v99/hast-util-to-mdast@8.4.1": "dcb2431f1ddc50841c6eb14e1ccf5ec1d0098992ce6798bf7f511f0e585e158c",
    "https://esm.sh/v99/hast-util-to-mdast@8.4.1/denonext/hast-util-to-mdast.mjs": "b4ade7b56f3c31747fcb941b77577f5877e88e258b7ce120dd5fb55f9ed60ff5",
    "https://esm.sh/v99/hast-util-to-string@2.0.0/denonext/hast-util-to-string.mjs": "5c8ecf2b2754f8addf28d5e207c37b17972708b0e2a63055452a8c4013911ca1",
    "https://esm.sh/v99/hast-util-to-text@3.1.2/denonext/hast-util-to-text.mjs": "31efb90cf52b16ab52c2eafbca2de78534e4cfd27d00438e266ade4a3f253d1b",
    "https://esm.sh/v99/hast-util-whitespace@2.0.1/denonext/hast-util-whitespace.mjs": "0d45cf1a1b1d7ba26d5a3f2fda8c929b02ef701786e656ade327d8c3f7b390bb",
    "https://esm.sh/v99/hastscript@7.1.0": "5453f46a4fef028455d58ccb760a13d1e3cebdf2881b435987c37ccdd6bce27b",
    "https://esm.sh/v99/hastscript@7.1.0/denonext/hastscript.mjs": "7e5e0f815f0854db00a2977cf6a56895787a5b96030076a8f955d6659129d390",
    "https://esm.sh/v99/hastscript@7.2.0/denonext/hastscript.mjs": "913563e366785d32b3fcc1c8556d8da9d83d8f8b80ed53046102125041d64b0a",
    "https://esm.sh/v99/html-void-elements@2.0.1/denonext/html-void-elements.mjs": "10f57d4f9d680bf2de32538d6aaf879f20d4ee02dd57879aa232319d6c984f54",
    "https://esm.sh/v99/is-buffer@2.0.5/denonext/is-buffer.mjs": "87d027d2c668d773b7037bd49fc1c12ed6af26b9f176aacf338c7901237b8867",
    "https://esm.sh/v99/is-plain-obj@4.1.0/denonext/is-plain-obj.mjs": "d3d86a7174ad7935de7b00f904b6424c103bce530c502efb7f42114cbb1a555f",
    "https://esm.sh/v99/longest-streak@3.1.0/denonext/longest-streak.mjs": "97b1d8c42d407e285971fea218d89a0404270c3b841a26ec62b83f62450ad573",
    "https://esm.sh/v99/mdast-util-phrasing@3.0.1/denonext/mdast-util-phrasing.mjs": "87cf4f7e1809ad0dd0978ea0e35946bc68b87a084b9e9372b919f4dff5a85918",
    "https://esm.sh/v99/mdast-util-to-markdown@1.3.0": "fe961a14fd7b85c807732b77b750e9ef977fa940ff75fa6b53eed240b0102fb4",
    "https://esm.sh/v99/mdast-util-to-markdown@1.3.0/denonext/mdast-util-to-markdown.mjs": "07faa2b9e83cbb14aba8157d31cfd4f4801013ad66a751157407b84c53706e90",
    "https://esm.sh/v99/mdast-util-to-markdown@1.5.0/denonext/mdast-util-to-markdown.mjs": "f7c7178bc74a227b129f51fd0877d510dc09d3a81487ae34b84440a912e02e9b",
    "https://esm.sh/v99/mdast-util-to-string@3.2.0/denonext/mdast-util-to-string.mjs": "64fef8fd2a9fdb8abcff4ff6c086c273123c0833c13e465d6c9f82332d1e239c",
    "https://esm.sh/v99/micromark-util-decode-numeric-character-reference@1.1.0/denonext/micromark-util-decode-numeric-character-reference.mjs": "d9d2a8fc3648db44a49c0284d088db354b39c5623e1497c4127ad103594a7948",
    "https://esm.sh/v99/micromark-util-decode-string@1.1.0/denonext/micromark-util-decode-string.mjs": "23dc8fccda162316aa795b979e46189252b03adbc5c6035e92673db8824d4040",
    "https://esm.sh/v99/nlcst-to-string@3.1.0": "ae1856bbda77ef353e29660474e1840df4a55cdfad13aca8202597ce52190883",
    "https://esm.sh/v99/nlcst-to-string@3.1.0/denonext/nlcst-to-string.mjs": "25e8af61ed097c69c5806fba628772c315ed7599dd238c6c72f46460973628e9",
    "https://esm.sh/v99/nth-check@2.1.1/denonext/nth-check.mjs": "9ab8254f7a3db6bbbed80da0442f409bb2acfba94c4beb636c1142d7f46a5123",
    "https://esm.sh/v99/parse5@6.0.1/denonext/lib/common/doctype.js": "1a42cf9bb7d63acec7c679f714e482be2df1cff65d56332c4657557e9e8b7136",
    "https://esm.sh/v99/parse5@6.0.1/denonext/lib/common/error-codes.js": "90dd0ec75093be840defe59b9e48702e4d8600ef8df48140f1756516e0859e6d",
    "https://esm.sh/v99/parse5@6.0.1/denonext/lib/common/foreign-content.js": "c8ae07591a8dd945737adeeac9196e0ada46595571ddc51352ef7739fa58a198",
    "https://esm.sh/v99/parse5@6.0.1/denonext/lib/common/html.js": "29dab210cc719afda3f5a429d9a017fad5a1f628d0f8e655ef6bbb3d9bdfcb76",
    "https://esm.sh/v99/parse5@6.0.1/denonext/lib/common/unicode.js": "cccefba444816fde799c3544e7a9224ec497cbc77ba222351dd2739fd474993f",
    "https://esm.sh/v99/parse5@6.0.1/denonext/lib/extensions/error-reporting/mixin-base.js": "9bbfc9f4cd93f87fb132b417e89f6698b074a042856b49afd9764a76e8ddb57b",
    "https://esm.sh/v99/parse5@6.0.1/denonext/lib/extensions/error-reporting/parser-mixin.js": "6ed1ac4977cca8a9b7fadaee600278902fcc1282c9bee4fe162de69222c41613",
    "https://esm.sh/v99/parse5@6.0.1/denonext/lib/extensions/error-reporting/preprocessor-mixin.js": "40cc73c1e544537c55da0fa9520b168b45d525a45c8f4a4145ea9ae30cc8db73",
    "https://esm.sh/v99/parse5@6.0.1/denonext/lib/extensions/error-reporting/tokenizer-mixin.js": "c828f78b9976fb8daeb6938f90bfd3fbac8183bae7dbed3a3ce24f5c31c02813",
    "https://esm.sh/v99/parse5@6.0.1/denonext/lib/extensions/location-info/open-element-stack-mixin.js": "d44b917346f2782db968cfbbda4592609e0ee0efa8d51e115f7e993e74a14bbc",
    "https://esm.sh/v99/parse5@6.0.1/denonext/lib/extensions/location-info/parser-mixin.js": "d08be3719becfa8b0bc8bf16dd51fa32c70a32b02c080b117cf3eabae7c20c14",
    "https://esm.sh/v99/parse5@6.0.1/denonext/lib/extensions/location-info/tokenizer-mixin.js": "bfd36e71bb1305ca83af77cfd3fb916449231e3b02dcbc3f9dbcd3142635257a",
    "https://esm.sh/v99/parse5@6.0.1/denonext/lib/extensions/position-tracking/preprocessor-mixin.js": "984bf10abbe2c85eb9b25fa5c072aa9827be6652413c04676ac1d5d8274e65c9",
    "https://esm.sh/v99/parse5@6.0.1/denonext/lib/parser.js": "ab6fd2ab5c295feb81d39bbb3e4a430ce7fe159d6fba67d8298c4c38f3abc444",
    "https://esm.sh/v99/parse5@6.0.1/denonext/lib/parser/formatting-element-list.js": "ea95cd6b1bec0570cacd0475a44bf8c31fa50d5eb784b14eecabaac5548b7fa5",
    "https://esm.sh/v99/parse5@6.0.1/denonext/lib/parser/open-element-stack.js": "27527cd08bb7fdcee2194696a7f1d8f9229ef5fcfa98d23998f1ae03c37c7d0b",
    "https://esm.sh/v99/parse5@6.0.1/denonext/lib/tokenizer.js": "91983cc5cf9a6dc76ac29c6a0a2c30b6a8d1b10418f984ba518c5dc91be35353",
    "https://esm.sh/v99/parse5@6.0.1/denonext/lib/tokenizer/named-entity-data.js": "11903427f6c87099f174a704fb644e2c652a32e74a0499d27cca699a1dbbca76",
    "https://esm.sh/v99/parse5@6.0.1/denonext/lib/tokenizer/preprocessor.js": "082621acda3b9933d1d3c2ce7921f1d3fd5999b8ffb1deb16991e621d7925031",
    "https://esm.sh/v99/parse5@6.0.1/denonext/lib/tree-adapters/default.js": "f576556895de3006c51e389c545ecdb9f34e2568de1d6642c723dbbed847d6b6",
    "https://esm.sh/v99/parse5@6.0.1/denonext/lib/utils/merge-options.js": "70d1ae1f8288055e36a4d7781653eb5bfd1e051b2e83ccdf1e48ec3b8938395a",
    "https://esm.sh/v99/parse5@6.0.1/denonext/lib/utils/mixin.js": "51d4bae185f1438a472918f758306ec7240e7f014d356a3d58551fe031e33aa5",
    "https://esm.sh/v99/property-information@6.2.0/denonext/property-information.mjs": "c36042799161605d2ba2af318abf697a41e77e7ef5c80f5740de470db7776b9c",
    "https://esm.sh/v99/rehype-minify-whitespace@5.0.1/denonext/rehype-minify-whitespace.mjs": "580383696d89adb8da69c52e55e7d79301934424e7aa83613bcaa4bc08d573f1",
    "https://esm.sh/v99/rehype-parse@8.0.4": "1855e448ecd3899a4be6c21ed43aa426eacf6bb6d33158f6809b2b436099ecf0",
    "https://esm.sh/v99/rehype-parse@8.0.4/denonext/rehype-parse.mjs": "030ef22c840e2d0744087aa17db199d09f79f96fe66d4ee47e8505d61a6d8e47",
    "https://esm.sh/v99/rehype-remark@9.1.2": "b67361107286c0c98b27050f906a4fb98586275a57941c33a5d6a9838702e34d",
    "https://esm.sh/v99/rehype-remark@9.1.2/denonext/rehype-remark.mjs": "1fc29649fa98ef4d5b89fa06a8a5a36017a92ded931817a8f8d37ffcf9c45f51",
    "https://esm.sh/v99/remark-stringify@10.0.2": "58dc13f3e0adc5c76bbb68d41a84f33ff396667b74263174be287ad8cd72ae2a",
    "https://esm.sh/v99/remark-stringify@10.0.2/denonext/remark-stringify.mjs": "a613d3460344e41c0459ddfc2407d6b688a8fe058f0a69c1729c730b3186121d",
    "https://esm.sh/v99/space-separated-tokens@2.0.2/denonext/space-separated-tokens.mjs": "f30773a9959cacfe7511c250e5d125a9f88ee00d3aef6e87b4d17fe49806b276",
    "https://esm.sh/v99/stringify-entities@4.0.3/denonext/stringify-entities.mjs": "9e723e7e5a1b8979da0e4107af52c1ac6ea978657cc03a570a87533076bb44a7",
    "https://esm.sh/v99/trim-trailing-lines@2.1.0/denonext/trim-trailing-lines.mjs": "94632220d7dcef7d9db5032757dc844f71edf6ce0406ad53f40a5608098b79e2",
    "https://esm.sh/v99/trough@2.1.0/denonext/trough.mjs": "d7c1b66bf8739a28bcc6bbf17919f6b54b7b25cceabfb0e694d192232c83f1fd",
    "https://esm.sh/v99/unified@10.1.2": "03bca418a4b09da0d7b7431a3b91e1e560bfa5f63d7d7014d6eb934a3f2048bb",
    "https://esm.sh/v99/unified@10.1.2/denonext/unified.mjs": "339b9ec5d9ea1e0585655ca455c51146d9bb533663e50c40f353e12e75970d6d",
    "https://esm.sh/v99/unist-util-find-after@4.0.1/denonext/unist-util-find-after.mjs": "2e0e94d8588c48e460f5e45d5924419c173557aa72c6ee63fe54e082652ab96c",
    "https://esm.sh/v99/unist-util-is@5.2.1/denonext/unist-util-is.mjs": "771abea65db57c71e2a3d98200242c362337617e63881fc9954e891dde32277c",
    "https://esm.sh/v99/unist-util-stringify-position@3.0.3/denonext/unist-util-stringify-position.mjs": "e3b2256d68ec8d5ceeb204afe84492e69182ad264a876309a33def43aa34111d",
    "https://esm.sh/v99/unist-util-visit-parents@5.1.3/denonext/unist-util-visit-parents.mjs": "7f640c3f72b9bc4711b3bebfcfd0e741e9ccf7a6efd7b0b9fcab755e7d51da12",
    "https://esm.sh/v99/unist-util-visit@4.1.1": "4989407547cac6ac3c8f0145e1887c8b960d3a4ef9500982992db593314424f2",
    "https://esm.sh/v99/unist-util-visit@4.1.1/denonext/unist-util-visit.mjs": "171f7caa7dcf1f43ffd7e578d140c980eda0c2b9aeb6229ccdb33caa3ef61e64",
    "https://esm.sh/v99/unist-util-visit@4.1.2/denonext/unist-util-visit.mjs": "3a2e62bfd369ebf7d5bf44c696700630c6d01fe53a7be63d8d792fb130a5f4d6",
    "https://esm.sh/v99/vfile-location@4.1.0/denonext/vfile-location.mjs": "aa64a017e8059406f649f12a564162b61f1fa6ac0e4498c250e4309a9bc617bf",
    "https://esm.sh/v99/vfile-message@3.1.4/denonext/vfile-message.mjs": "ab5128bf21ed5e0f9055f4bea2393aae86baaaff4dbd90235bcd96c0c89671a6",
    "https://esm.sh/v99/vfile@5.3.6": "0db6813cfc61136170b9577edf767aeb3d0bab87f78c903c9b9a1bd37d8e0596",
    "https://esm.sh/v99/vfile@5.3.6/denonext/vfile.mjs": "5adcdd1a6678fe16e9ccde31324e460b5bad4da64f4a26ff6aa96a94a4247938",
    "https://esm.sh/v99/vfile@5.3.7/denonext/vfile.mjs": "efd733f7ba05d49a66df5864f85a022ba48a98123c6d477d3d0aed5244bc0696",
    "https://esm.sh/v99/web-namespaces@2.0.1/denonext/web-namespaces.mjs": "bc6ee363bbe40abddca68678e849584981176d9bde3728b4c5d47a5241dac7bf",
    "https://esm.sh/v99/zwitch@2.0.4/denonext/zwitch.mjs": "c0e8c246a1f38b425335ea78cc366a7801d3ef89701229a35f85a51310e6e49f"
  },
  "workspace": {
    "packageJson": {
      "dependencies": [
        "npm:@astrojs/deno@^4.2.0",
        "npm:@astrojs/node@^5.3.0",
        "npm:@astrojs/preact@^2.2.1",
        "npm:@astrojs/sitemap@^1.3.3",
        "npm:@astrojs/tailwind@^4.0.0",
        "npm:@headlessui/react@^1.7.15",
        "npm:@panzoom/panzoom@^4.5.1",
        "npm:@preact/compat@latest",
        "npm:@preact/signals@^1.1.5",
        "npm:@tailwindcss/forms@^0.5.3",
        "npm:@types/lodash@^4.14.195",
        "npm:astro@^2.8.1",
        "npm:lodash@^4.17.21",
        "npm:mdast-util-from-markdown@^2.0.0",
        "npm:mdast-util-to-string@^4.0.0",
        "npm:mdast-util-wiki-link@^0.0.2",
        "npm:micromark-extension-gfm@^3.0.0",
        "npm:micromark-extension-wiki-link@^0.0.4",
        "npm:micromark@^4.0.0",
        "npm:please-use-yarn@^1.2.2",
        "npm:preact-router@^4.1.1",
        "npm:preact@^10.16.0",
        "npm:recharts@^2.7.2",
        "npm:rehype-external-links@^2.1.0",
        "npm:tailwindcss@^3.3.2"
      ]
    }
  }
}
