{
  "version": "2",
  "remote": {
    "https://deno.land/std@0.162.0/_util/assert.ts": "e94f2eb37cebd7f199952e242c77654e43333c1ac4c5c700e929ea3aa5489f74",
    "https://deno.land/std@0.162.0/encoding/csv.ts": "0715a643b2a8111c919fe7584bad78f776c28ca9301e64eace3cfe4f1a0c6045",
    "https://deno.land/std@0.162.0/encoding/csv/_io.ts": "91a61ee8ec8151126479453c71b7cb789fbb2bd224052360e39a79f81df1f3dc",
    "https://deno.land/std@0.162.0/encoding/csv/_parser.ts": "8deb087b8f068a331b4081885ac4feef0f340deb65b6e1ab3fa83871fb3ada5f",
    "https://esm.sh/rehype-remove-comments@5.0.0": "10163e3eb773c4fb605c29221e48ea0ba3938f744e61bfade1a436fc12e87628",
    "https://esm.sh/remark-frontmatter@4.0.1": "3500873de0e1287f00a20a0e326e9af6c13a2cbcb6bda8bcca0a6af2955bdbde",
    "https://esm.sh/remark-gfm@3.0.1": "e6b9da7e6a64c739b289955f940fc604c77e4cf72198d2a97d3aa7215a1cd0d1",
    "https://esm.sh/v99/@types/hast@2.3.4/index.d.ts": "e1e7b5b0075d8ffaac87d1fcf667cd74e816a5165eaac19b9f56bfd1b8514321",
    "https://esm.sh/v99/@types/mdast@3.0.10/index.d.ts": "98f0ab0b494118657b3a953d2e4d9db18f9430d78d10997cf4f4442fd43ee532",
    "https://esm.sh/v99/@types/parse5@6.0.3/index.d.ts": "70b70c80ad763e43731f503e5688ce5b93e77439a32a1e6af0c8fbf4b710bf92",
    "https://esm.sh/v99/@types/parse5@6.0.3/lib/tree-adapters/default.d.ts": "163b20425595c47f8f05037f6e512dedaefe766493653f2064d4a1b0a338c7d2",
    "https://esm.sh/v99/@types/unist@2.0.6/index.d.ts": "cddf5c26907c0b8378bc05543161c11637b830da9fadf59e02a11e675d11e180",
    "https://esm.sh/v99/bail@2.0.2/deno/bail.js": "b3ca9b5bd06df9985e9df2ab56d0afe3364cee30f37cdaecb405c10de2337f5e",
    "https://esm.sh/v99/bcp-47-match@2.0.3/deno/bcp-47-match.js": "248ad2d5abf9d2a1e13e4b0b51462195524e2174dab24200bb699a4e26d57746",
    "https://esm.sh/v99/boolbase@1.0.0/deno/boolbase.js": "c2de9c6051e43e825cebf96303dccc8c84d84db898ee48f19cb64a52df887f31",
    "https://esm.sh/v99/ccount@2.0.1/deno/ccount.js": "6bf07045e8daa1b9a2bba73d70c29361aac38c0a59095b57f1f1ceed9a7981f0",
    "https://esm.sh/v99/character-entities-html4@2.1.0/deno/character-entities-html4.js": "5e04e53a3610bfb51532f6eda18b7025e079a0d209b96d171a04fe538f171d3a",
    "https://esm.sh/v99/character-entities-legacy@3.0.0/deno/character-entities-legacy.js": "9c909f90e8778cbf92c7f3c1709691d407be75ebcfe3a6599faa598e60ef14cd",
    "https://esm.sh/v99/character-entities@2.0.2/deno/character-entities.js": "8232bf4b6fa89842eeb1293a35c247a3579d199b972fc337b39d90905605eed9",
    "https://esm.sh/v99/comma-separated-tokens@2.0.3/deno/comma-separated-tokens.js": "0a876bf6a6dd11588e10e814b8c27fa756d978277000d4a2baeb339a1d6fe714",
    "https://esm.sh/v99/css-selector-parser@1.4.1/deno/css-selector-parser.js": "dad62a7d1020e81c410de622af3a9ffa5f3a135bc7f54633dd789c15d73e6bde",
    "https://esm.sh/v99/css-selector-parser@1.4.1/lib/index.d.ts": "39da570fab4602f7746f4780cc3ead61cbe65571a41754a8d2c256bafd932fea",
    "https://esm.sh/v99/css-selector-parser@1.4.1/lib/parser-context.d.ts": "37898197ebe81b75741827950bf06aad90f7747e40008170a16dd3377eaf1129",
    "https://esm.sh/v99/css-selector-parser@1.4.1/lib/selector.d.ts": "d4293e04e34feb973a031d34a972299de9f0914a7880b67bc07a3249595caf7f",
    "https://esm.sh/v99/decode-named-character-reference@1.0.2/deno/decode-named-character-reference.js": "3f3867fb766b616be2b721dccaf5728f30263f7c729126b083efc72d27bc0d30",
    "https://esm.sh/v99/direction@2.0.1/deno/direction.js": "84c172b7b2438c8839cf685c65e4fa95111b1da0313c712233a1155b4b36c7d2",
    "https://esm.sh/v99/escape-string-regexp@5.0.0/deno/escape-string-regexp.js": "75a81e47dd2b72b3946cb9f036e1a43d7d42cdbdfc634443ba5363035c959b9c",
    "https://esm.sh/v99/extend@3.0.2/deno/extend.js": "a316a24756d804431fc0c01d03f31d5658e477559a809a011e8aac525d8ed16d",
    "https://esm.sh/v99/fault@2.0.1/deno/fault.js": "a9c0e9a3948aee904bd2015e6e0c5848bcd6efedeabfe6137661f03e5cd6cf8f",
    "https://esm.sh/v99/format@0.2.2/deno/format.js": "a5630db8ad9003309feb3d3dcaa5477584cdffc88335f6806c1c035021381b85",
    "https://esm.sh/v99/hast-util-embedded@2.0.0/deno/hast-util-embedded.js": "49b6eae1ff3479bf072652e36fc9371d18719cf479cb0865a615fcbea9be1af1",
    "https://esm.sh/v99/hast-util-from-parse5@7.1.0/deno/hast-util-from-parse5.js": "1d28c43a9200a3ee315afa8466a8d03054c9e1a0776b307d3793636aa562bab4",
    "https://esm.sh/v99/hast-util-from-parse5@7.1.0/index.d.ts": "72e2f0dcb11222e55482cc7328b6634b1061ef5892b17d70d4570f74e6a7e04a",
    "https://esm.sh/v99/hast-util-from-parse5@7.1.0/lib/index.d.ts": "d28825738dfb81baa6e0d19f711bdd624a9a2a3ee78d68c115cc64d0c578b5d5",
    "https://esm.sh/v99/hast-util-has-property@2.0.0/deno/hast-util-has-property.js": "95129d552feb405dd42eb664593346f6666d55086f39ce6da44b1018aea1d237",
    "https://esm.sh/v99/hast-util-is-body-ok-link@2.0.0/deno/hast-util-is-body-ok-link.js": "66bd6127edcd0e4bcac0bed5b7583588362b5bedff84c82c9489c5bcbb94ed8c",
    "https://esm.sh/v99/hast-util-is-conditional-comment@2.0.0/deno/hast-util-is-conditional-comment.js": "5ce338547999d8cacb74faaacd8e53b3b6e1ac25c1e05f0d664c1974e83721ba",
    "https://esm.sh/v99/hast-util-is-element@2.1.2": "a39df8d787fe3fcef746d9d2ccbfbdf0bfa1b3d7d1c8d4bc55a56160a7bc4021",
    "https://esm.sh/v99/hast-util-is-element@2.1.2/deno/hast-util-is-element.js": "5c31dee3e28810ceeb40aaad0dc58494bd8d4e5f0e5e7a870ce00e9da3646dce",
    "https://esm.sh/v99/hast-util-is-element@2.1.2/index.d.ts": "b781107a7b5c15dfabfbf8a3ef0f1a8456cc45e5492af6496ef9bce4c3c43afd",
    "https://esm.sh/v99/hast-util-parse-selector@3.1.0/deno/hast-util-parse-selector.js": "720ff9af416413388ac16eaaffcdd55dbda537dcc0223a92f33a7ea005474feb",
    "https://esm.sh/v99/hast-util-phrasing@2.0.1/deno/hast-util-phrasing.js": "ac15554012d345da13f99431dd436f95677e1f9179277e3a6b7b70e4cea68d0c",
    "https://esm.sh/v99/hast-util-select@5.0.2": "a3b12aa2e4e05b697763f74253c141be7528b25f739a72c094b02a4a290c770f",
    "https://esm.sh/v99/hast-util-select@5.0.2/deno/hast-util-select.js": "6259d6cb990d14cac753f9550182aaff536fd3740e8691358b0d8737f63af5d5",
    "https://esm.sh/v99/hast-util-select@5.0.2/index.d.ts": "9bd06b115af44298f850917061ab9b014e9cdb2428f9f0b40aaa277780aac473",
    "https://esm.sh/v99/hast-util-select@5.0.2/lib/types.d.ts": "98e47ab6a97020e1cc85fc29ff8cf77a3bd2e5d07bc099c6a565e823c4f96eb0",
    "https://esm.sh/v99/hast-util-to-html@8.0.3": "155e2b7af185174c8542690f31f34af388542baca8071311f251cc7aaac2c762",
    "https://esm.sh/v99/hast-util-to-html@8.0.3/deno/hast-util-to-html.js": "9a4019fe099b6559e6b039228799feaef5ac99373350096839e8566818aff780",
    "https://esm.sh/v99/hast-util-to-html@8.0.3/index.d.ts": "2b2ba293ae9d6d37c2ffca92c7280bafe398877ff3ab98813a480b1baf4aa09a",
    "https://esm.sh/v99/hast-util-to-html@8.0.3/lib/index.d.ts": "f4df9b598d3fed100d46dda68f76ffdcd0beb13dc0ddc3befefa59bf44f35d31",
    "https://esm.sh/v99/hast-util-to-html@8.0.3/lib/types.d.ts": "48c3bfc1c560c6a7e06289f0640710d41443525cf711ddfe5cb8dc1815e6a6eb",
    "https://esm.sh/v99/hast-util-to-mdast@8.4.1": "36d68c39098df225825842406e25d3dd7bb78a0314e15e5572b430b5a41812a5",
    "https://esm.sh/v99/hast-util-to-mdast@8.4.1/deno/hast-util-to-mdast.js": "70d5c24aef56449abcc779ae85efa4de4863b41125591a6171aac2c7c4d89b56",
    "https://esm.sh/v99/hast-util-to-mdast@8.4.1/index.d.ts": "c8d19454987b4237052c30b16b38054589d83aa5ffee779e22cb1b84807bedc1",
    "https://esm.sh/v99/hast-util-to-mdast@8.4.1/lib/all.d.ts": "5a062aa04b96e7b64a0b37e8e1ddec1928d5f5a941ec45314792fc2f8b8e6ec4",
    "https://esm.sh/v99/hast-util-to-mdast@8.4.1/lib/handlers/a.d.ts": "7f3cf82ab9f526fef636b42188be6ff1a7388b08755a4dc3394bc95c93d74bdd",
    "https://esm.sh/v99/hast-util-to-mdast@8.4.1/lib/handlers/base.d.ts": "0997708ff478baf6480356c598e970517c2877ace0d69bbee881cbb80efde274",
    "https://esm.sh/v99/hast-util-to-mdast@8.4.1/lib/handlers/blockquote.d.ts": "92b2bf890382b08831bc15bb27280afd38a17b0d9d94d1edcebe6520cd0d3379",
    "https://esm.sh/v99/hast-util-to-mdast@8.4.1/lib/handlers/br.d.ts": "1a279e057690a1538371beea63497bf733ed7f7f44be394bb8b11efd31019544",
    "https://esm.sh/v99/hast-util-to-mdast@8.4.1/lib/handlers/code.d.ts": "3d8cd786452edb5102c18f3a0b7f80aa5312b0d89f680a2a7b94674623f78c57",
    "https://esm.sh/v99/hast-util-to-mdast@8.4.1/lib/handlers/comment.d.ts": "ffe56bde288a7d883549916e03cdd17e8473958ffae28b433f60ec0b75e4ce01",
    "https://esm.sh/v99/hast-util-to-mdast@8.4.1/lib/handlers/del.d.ts": "ebd5fe214c919fc3ca1069c4c889793c4811dc34ca4d721b175b8e362c8b5071",
    "https://esm.sh/v99/hast-util-to-mdast@8.4.1/lib/handlers/dl.d.ts": "359421d96c57a36acc6e2a68d3676e406a37820caf0f5384009d6610f85ca735",
    "https://esm.sh/v99/hast-util-to-mdast@8.4.1/lib/handlers/em.d.ts": "85372a05869c6894c6ad987aee39c67fed0ae6f0f68ff178a37c0d7600e4a646",
    "https://esm.sh/v99/hast-util-to-mdast@8.4.1/lib/handlers/heading.d.ts": "e089583b5f0f56a60984822ff1cc25fdb6972ec35612d5a2ac18ed967f5b5a14",
    "https://esm.sh/v99/hast-util-to-mdast@8.4.1/lib/handlers/hr.d.ts": "2f5a60f7ccfc872347503ff4d275ada35b4bd3758cae115f58ba68c7fc8eb839",
    "https://esm.sh/v99/hast-util-to-mdast@8.4.1/lib/handlers/iframe.d.ts": "325f47cec9b98fa5fb9085ef7dc8359e1f04307c9bcbb7a92e20131a518878a8",
    "https://esm.sh/v99/hast-util-to-mdast@8.4.1/lib/handlers/img.d.ts": "258afb97a459bf9316c3c93ac29ad766e1a304dda2c608dc50226ecb39311e20",
    "https://esm.sh/v99/hast-util-to-mdast@8.4.1/lib/handlers/index.d.ts": "5df95c912aeb93f0d638676c9e532ac99e02f08dabd1648714ce211f0833bc50",
    "https://esm.sh/v99/hast-util-to-mdast@8.4.1/lib/handlers/inline-code.d.ts": "a585e5f704cda1e22b3fdec3140b197f165f6554225b2e21c40a469814deb346",
    "https://esm.sh/v99/hast-util-to-mdast@8.4.1/lib/handlers/input.d.ts": "16d87d7da88a619d3e7c2b74a57eb21fbf28f196dbaf0acef0889da9d4805751",
    "https://esm.sh/v99/hast-util-to-mdast@8.4.1/lib/handlers/li.d.ts": "b2060931e1a56950b09a1c2e21c3c788f39cc500acf2ff27ff5171f17e57c850",
    "https://esm.sh/v99/hast-util-to-mdast@8.4.1/lib/handlers/list.d.ts": "3f6831c6c01be7a6df123188b8a0e2dc2e0a6a0a33777564a402afdbe2937dcd",
    "https://esm.sh/v99/hast-util-to-mdast@8.4.1/lib/handlers/media.d.ts": "d806665dc0eb723a338f20b51eaae50f9ab52eff72c9e06dfd60d7c5b1221d73",
    "https://esm.sh/v99/hast-util-to-mdast@8.4.1/lib/handlers/p.d.ts": "fff2cc88230628f39a7e51960db70d99819e86d92a127b1b34d4096200c68cfa",
    "https://esm.sh/v99/hast-util-to-mdast@8.4.1/lib/handlers/q.d.ts": "a65798241d21effb5fccf9a523395efe6bc6303d23dec3e5f372727f30f46268",
    "https://esm.sh/v99/hast-util-to-mdast@8.4.1/lib/handlers/root.d.ts": "14f8941b5d89944c4ae026c26350803bdd71e6b098bd28656a04072b87deccc6",
    "https://esm.sh/v99/hast-util-to-mdast@8.4.1/lib/handlers/select.d.ts": "182630bbf459c9fb8cbe936d149d01f787c285de4354ea60d91cc8d0f8469a42",
    "https://esm.sh/v99/hast-util-to-mdast@8.4.1/lib/handlers/strong.d.ts": "9f5d23d28f1430c8acbb997f5a99f490265fe5a0a7711b96f78084c57e48ae50",
    "https://esm.sh/v99/hast-util-to-mdast@8.4.1/lib/handlers/table-cell.d.ts": "8df3665ecf8e77c3a38c2824306e62c2767c6f1748e1e8dd8c42063ffaa11da5",
    "https://esm.sh/v99/hast-util-to-mdast@8.4.1/lib/handlers/table-row.d.ts": "6e3ce2e67d1cdff46b71d041053fe479602ac8b6e2a2cfde3abbd5767ab55c16",
    "https://esm.sh/v99/hast-util-to-mdast@8.4.1/lib/handlers/table.d.ts": "94cd6abe1d52965fd36735a544c9bcd25353f709da1e406eadf45dbb96287252",
    "https://esm.sh/v99/hast-util-to-mdast@8.4.1/lib/handlers/text.d.ts": "f72582f6a992c6dd8b8c1d52200c9b5472952c5330cde6e3bec387e1ea9a967a",
    "https://esm.sh/v99/hast-util-to-mdast@8.4.1/lib/handlers/textarea.d.ts": "d704fcd805241a73338723fabc3ad031b81c1e2608116499b6a61fc5a2e38458",
    "https://esm.sh/v99/hast-util-to-mdast@8.4.1/lib/handlers/wbr.d.ts": "4a951fe4833f0ec20f054de21b566195e1ecc50c1c48399dc11349a9b78215b2",
    "https://esm.sh/v99/hast-util-to-mdast@8.4.1/lib/index.d.ts": "f291d5f5657b280f09879464aafc9f0189e016004a9e05efc3c3766af6b3809f",
    "https://esm.sh/v99/hast-util-to-mdast@8.4.1/lib/one.d.ts": "6e78f02d2c7004a288c6bbe97dc4ef24966f198bee0c6e1ee3d79cec205fcbbc",
    "https://esm.sh/v99/hast-util-to-mdast@8.4.1/lib/types.d.ts": "b3a1bba63d15c60707c7d75bfdd5183b83827bc7c34e3ed378d476c6cb7b7d92",
    "https://esm.sh/v99/hast-util-to-mdast@8.4.1/lib/util/wrap-children.d.ts": "6fa420cc7c0c254fc0e61e4108de8137143e743af6d261de600bc5a1dbc1fa13",
    "https://esm.sh/v99/hast-util-to-string@2.0.0/deno/hast-util-to-string.js": "a0bbf9f8d8ff1e1c0aca9630e2a20c8495dfb4211021cdffc5f31f83b9ecf665",
    "https://esm.sh/v99/hast-util-to-text@3.1.1/deno/hast-util-to-text.js": "603f4198380a4fdc7048e36ad2483574cf054c6dda2cc3a8bd17b16cdf67d2c8",
    "https://esm.sh/v99/hast-util-whitespace@2.0.0/deno/hast-util-whitespace.js": "13b080ffe358dd26929c4c80f69b7d28093f9edaaab1c94d346dd3377d7ffcd8",
    "https://esm.sh/v99/hastscript@7.1.0": "bb939044795b5ff3d2ac9c780a68c623d99ea503641ea6deeebaed98da14459a",
    "https://esm.sh/v99/hastscript@7.1.0/deno/hastscript.js": "3728e2cd4bdf8a75ac18a5cc7296d0455e4ea75298fece7ffe629576d9a9cb55",
    "https://esm.sh/v99/hastscript@7.1.0/index.d.ts": "9e08292909b3a3da925b23ae77433901bbeb7ebfbc5adbc99b70523a679cd4ba",
    "https://esm.sh/v99/hastscript@7.1.0/lib/core.d.ts": "d60c4fa8c2c58c2a88a960efffa191c4234e954db6b093c5934f46ac658fabc0",
    "https://esm.sh/v99/hastscript@7.1.0/lib/html.d.ts": "675818534cf72f9865afdc208159a37d410d0349248a12037873c928e1553d0f",
    "https://esm.sh/v99/hastscript@7.1.0/lib/index.d.ts": "df2f08c434b2d709f03fd5da29a2b23f9250536d31c981ca4ab57e8545173919",
    "https://esm.sh/v99/hastscript@7.1.0/lib/jsx-classic.d.ts": "59683755bad9a4b4525b6ed066a29e1d71ee70630c42728f400a4e3e840675a8",
    "https://esm.sh/v99/hastscript@7.1.0/lib/svg.d.ts": "042de15fd39ea88ba43fcbd766948c2db60a9f39fe432195e5fd686f8214ae33",
    "https://esm.sh/v99/html-void-elements@2.0.1/deno/html-void-elements.js": "35be26641bd54ee9cd120e20eeabd04ac5025584afab6ccc675965b35bd96867",
    "https://esm.sh/v99/is-buffer@2.0.5/deno/is-buffer.js": "2c888ce1735c6fe8306052d99fc1b4f7f53cd58de3ce7f8bb4861ffe6964bf6c",
    "https://esm.sh/v99/is-plain-obj@4.1.0/deno/is-plain-obj.js": "58064b5b3fefbfc9d28000056b88e2d57d45c3b4d7bd574b74144db35603d8b7",
    "https://esm.sh/v99/longest-streak@3.1.0/deno/longest-streak.js": "ca1a7b1213a1e57f94e0e38003ce4e696426bcbc829a4c05aa2e45349040d4cf",
    "https://esm.sh/v99/markdown-table@3.0.2/deno/markdown-table.js": "7f696ca444c5432f139fadb749ea0c1a27e228bf38c8892fb904b49afc98e801",
    "https://esm.sh/v99/markdown-table@3.0.2/index.d.ts": "1fa5495d0b616602a4da09463f31d95e7d724d5861f5a2a4d164dac14d777d42",
    "https://esm.sh/v99/mdast-util-find-and-replace@2.2.1/deno/mdast-util-find-and-replace.js": "dc8893fe6beddd79014f0e7df8a04744e341cce93e9c0f40c8ea7d06d00c49d0",
    "https://esm.sh/v99/mdast-util-from-markdown@1.2.0/index.d.ts": "c7c292d30a2416d10fccbdaccac505908cc63c149766acd5ed191fc5e40ac2f0",
    "https://esm.sh/v99/mdast-util-from-markdown@1.2.0/lib/index.d.ts": "ab25da5d794096da5122278efc5bdb037ee0538025777ab483949dec680e6ed7",
    "https://esm.sh/v99/mdast-util-frontmatter@1.0.0/deno/mdast-util-frontmatter.js": "8534996400948e060066754779f3a99d5450d7f173fb633d4b2d891faf2d5718",
    "https://esm.sh/v99/mdast-util-gfm-autolink-literal@1.0.2/deno/mdast-util-gfm-autolink-literal.js": "1a4d25166b23d29e94f8e475cd1ad7848b63b29e6d1965c70b9d9f0009aea6c2",
    "https://esm.sh/v99/mdast-util-gfm-footnote@1.0.1/deno/mdast-util-gfm-footnote.js": "0e1eeb3eb025792b49a57d2aa873784fc711b0b3531d639bbe28be0c055f5cc4",
    "https://esm.sh/v99/mdast-util-gfm-strikethrough@1.0.2/deno/mdast-util-gfm-strikethrough.js": "11532c0d26d8cf0301d83e245678e62f389661392a986fb206e8330fb34ce281",
    "https://esm.sh/v99/mdast-util-gfm-table@1.0.6/deno/mdast-util-gfm-table.js": "efab92dd363a4dc4bd4b0d01749eb942d0b334ab782401a8fee6dad250ff2810",
    "https://esm.sh/v99/mdast-util-gfm-table@1.0.6/index.d.ts": "2e11fb81ef0c0feb03b9ebb75f174959613c981835811bc167e63245ae48153b",
    "https://esm.sh/v99/mdast-util-gfm-table@1.0.6/lib/index.d.ts": "70a7b7e4efb60a3f4a83b02322ae83227dfad5450febbc2935c88e55550ae587",
    "https://esm.sh/v99/mdast-util-gfm-task-list-item@1.0.1/deno/mdast-util-gfm-task-list-item.js": "d056eb83e4df8b58014a95b714eb8803d2867bffbea561785b1f6ae1b8f5a1ae",
    "https://esm.sh/v99/mdast-util-gfm@2.0.1/deno/mdast-util-gfm.js": "88e02287294a3780d896ac7e17e3a0c3c5011be5d133a429b94265a97fb1b4d1",
    "https://esm.sh/v99/mdast-util-gfm@2.0.1/index.d.ts": "9a5fea095a9ba59fe3038060ca55772a688cc57ff77950053936c62ca342a8c7",
    "https://esm.sh/v99/mdast-util-gfm@2.0.1/lib/index.d.ts": "4242edb661ff9e7d4eb53d923b35ac2f8d2ce435237aeea841b307680ccc1f53",
    "https://esm.sh/v99/mdast-util-phrasing@3.0.0/deno/mdast-util-phrasing.js": "ae592a3c7239a52bd28fd013fc01226dda260c7f42e42b26c74242e24e1dc990",
    "https://esm.sh/v99/mdast-util-to-markdown@1.3.0": "d46867f8389c380c4e531dd061e123ee60d9f40be1278b492e00d78fa70cdf6f",
    "https://esm.sh/v99/mdast-util-to-markdown@1.3.0/deno/lib/handle/inline-code.js": "2205d999bc4edbe6af18c6fa74be586ea523cc99e7c95c8058360179655a7a22",
    "https://esm.sh/v99/mdast-util-to-markdown@1.3.0/deno/lib/handle/list-item.js": "94e8bafefe2d3ec348a11ab047594c50b8d6100cb16fc8d508a4d29f1bca286c",
    "https://esm.sh/v99/mdast-util-to-markdown@1.3.0/deno/lib/util/association.js": "a5b6addf07f9d7b54eff8ed1d280eed69e1a3d63e466ded1137a8a7ce0687c8a",
    "https://esm.sh/v99/mdast-util-to-markdown@1.3.0/deno/lib/util/check-bullet.js": "563c2d877618ba301db7012692dc7c2185519d3df81a4af988afd89e545d0485",
    "https://esm.sh/v99/mdast-util-to-markdown@1.3.0/deno/lib/util/check-list-item-indent.js": "06bd9aa31d43b9241b922fe99e41dd32b52fec0bd995c7239750c80f47ff1399",
    "https://esm.sh/v99/mdast-util-to-markdown@1.3.0/deno/lib/util/container-flow.js": "9c74b3fa7c80e801f725a50947684c7ba27551c92d609f5456cc2a2e9d500d21",
    "https://esm.sh/v99/mdast-util-to-markdown@1.3.0/deno/lib/util/container-phrasing.js": "7da5b2b5e8d65b79e5f5aa05218ad7de75540c7bcc7a299f36cb4c25721cec70",
    "https://esm.sh/v99/mdast-util-to-markdown@1.3.0/deno/lib/util/indent-lines.js": "5ddc201dd32705945bc190f81c54219daf33e504cb5f81fb025923530ecb5334",
    "https://esm.sh/v99/mdast-util-to-markdown@1.3.0/deno/lib/util/pattern-compile.js": "a748599dba8d7318ff497b17eadeb02bf6d732534a95862535254d6410e74038",
    "https://esm.sh/v99/mdast-util-to-markdown@1.3.0/deno/lib/util/pattern-in-scope.js": "e8c6204a7590bc0292d5b79bb2d5ecdf6d502e746ce82606de83490b17343288",
    "https://esm.sh/v99/mdast-util-to-markdown@1.3.0/deno/lib/util/safe.js": "d82cc19e8efcee1a26990ad6d8e9dc58656da7fe8e215ad4449524d1a534e74a",
    "https://esm.sh/v99/mdast-util-to-markdown@1.3.0/deno/lib/util/track.js": "022319292a61be3ae0cdf0042c6adce4b794df2c1fc205ea47c649a2927efe7e",
    "https://esm.sh/v99/mdast-util-to-markdown@1.3.0/deno/mdast-util-to-markdown.js": "cf83ab2c522feeaec26b5418414c53f4109117ee13b87471ae718fe6f2023278",
    "https://esm.sh/v99/mdast-util-to-markdown@1.3.0/index.d.ts": "95cb8091586734cb64ba01a2d360c22e045bc56362744e308edb0140f343279d",
    "https://esm.sh/v99/mdast-util-to-markdown@1.3.0/lib/index.d.ts": "655121c48516ad8d79661b25eb41a641c9434e71e328d4fa3f490a60c38d8e50",
    "https://esm.sh/v99/mdast-util-to-markdown@1.3.0/lib/types.d.ts": "6094e4cd5d4d9ed093fbf51a68cc647caf7a0639d0113c76025798d01e54a2c1",
    "https://esm.sh/v99/mdast-util-to-markdown@1.3.0/lib/util/indent-lines.d.ts": "f25d603874ce56d10b72717ce7f1ea2bed5450756f60fe0bed73863e1c213856",
    "https://esm.sh/v99/mdast-util-to-string@3.1.0/deno/mdast-util-to-string.js": "def8ac83e95d65c20472dcbd9ae84907fafc2bda764657a187129da546ea290c",
    "https://esm.sh/v99/micromark-core-commonmark@1.0.6/deno/micromark-core-commonmark.js": "3a56298ce8a2e6ebab89516e5de6b4bed93f589bfdeae64c4d8ee49ad5ea2985",
    "https://esm.sh/v99/micromark-extension-frontmatter@1.0.0/deno/matters.js": "09dfd73079f483b41c1c65e48c42a2834c8546ff3fdba42c393ad5674ee9e648",
    "https://esm.sh/v99/micromark-extension-frontmatter@1.0.0/deno/micromark-extension-frontmatter.js": "c45b019d6a963d434cbd0a730988ecdc735f398114c738a4df3e40e9674d7e0e",
    "https://esm.sh/v99/micromark-extension-frontmatter@1.0.0/index.d.ts": "7c82e067672ddb72fee1b636acf33e361c1133b614de050dfee79b84145866d3",
    "https://esm.sh/v99/micromark-extension-frontmatter@1.0.0/lib/html.d.ts": "398aecaad39ac502417d907869aadc3128188928e90428c0d8136e0c105e6768",
    "https://esm.sh/v99/micromark-extension-frontmatter@1.0.0/lib/syntax.d.ts": "aaa956b5ead552d68d00a11b11ca1cebae57637ee27ccd178e1377a56e05829a",
    "https://esm.sh/v99/micromark-extension-frontmatter@1.0.0/matters.d.ts": "c5e0e82ae98cbca961197fa374445ce0cb2b2f1d572cee0e4ffcd8d2b75431fc",
    "https://esm.sh/v99/micromark-extension-gfm-autolink-literal@1.0.3/deno/micromark-extension-gfm-autolink-literal.js": "1048b681a6c2845f348182181fcedd2ebafd3c6b1bd4723e29322a1e13094113",
    "https://esm.sh/v99/micromark-extension-gfm-footnote@1.0.4/deno/micromark-extension-gfm-footnote.js": "6e4250504810ae01edecf45def2c335a1d489384c8f5b336b3baa36498345680",
    "https://esm.sh/v99/micromark-extension-gfm-footnote@1.0.4/index.d.ts": "cdf83836c7a37aabb08751b596248d7c0e02ed155d72a1939b9db112196c6476",
    "https://esm.sh/v99/micromark-extension-gfm-footnote@1.0.4/lib/html.d.ts": "b04625e288cd8d9221ac1da1b06049d1dcd0e2e0e9d760efc96e6788df24499f",
    "https://esm.sh/v99/micromark-extension-gfm-footnote@1.0.4/lib/syntax.d.ts": "73b972d3055d3cef9fe041044e3df08b5a349a388c7a4700a8b9981281cdf91d",
    "https://esm.sh/v99/micromark-extension-gfm-strikethrough@1.0.4/deno/micromark-extension-gfm-strikethrough.js": "98162feb3e71a31407a0455084fdf888c49b9204cac476a813bab43744c13ac0",
    "https://esm.sh/v99/micromark-extension-gfm-strikethrough@1.0.4/index.d.ts": "af9ef81e4a775c469cbd104f987c740531fe7bf1f8287591c1769232a3751b09",
    "https://esm.sh/v99/micromark-extension-gfm-strikethrough@1.0.4/lib/html.d.ts": "04caf06d0c045b698f7da59dab4fc06d13336cddf60b32710fb156cfb311873c",
    "https://esm.sh/v99/micromark-extension-gfm-strikethrough@1.0.4/lib/syntax.d.ts": "496ad227c826a777a1b096bff87736f63b2d3a34fcaf5b30f2751c0db9bdff97",
    "https://esm.sh/v99/micromark-extension-gfm-table@1.0.5/deno/micromark-extension-gfm-table.js": "e63e9bd647ad57e1129ff3f2afa4a264e8db82209de3e497dafff870b5349daf",
    "https://esm.sh/v99/micromark-extension-gfm-tagfilter@1.0.1/deno/micromark-extension-gfm-tagfilter.js": "4cc7c603d0716aecf3f362f86d6e15cfda06dcb397cf6f760fde10cfdaa8c1bc",
    "https://esm.sh/v99/micromark-extension-gfm-task-list-item@1.0.3/deno/micromark-extension-gfm-task-list-item.js": "65b294543202720c3102d01627e8ff76759a9ae68f8fa4bdf7e455c9b565b570",
    "https://esm.sh/v99/micromark-extension-gfm@2.0.1/deno/micromark-extension-gfm.js": "f9066ae7c56c91505d26d725929e8693e858d7d8cf50016fcd9d6f4a8028a117",
    "https://esm.sh/v99/micromark-extension-gfm@2.0.1/index.d.ts": "f1769ae64c9df5eca166fa3ab82744ec2f61fb951fa4df5109e6452b6dcc2b26",
    "https://esm.sh/v99/micromark-factory-destination@1.0.0/deno/micromark-factory-destination.js": "a4a1fabc2f3cd56cd2a940d8b0ac3e52cbc8a9215bcfb5c53f82c89921e6ea37",
    "https://esm.sh/v99/micromark-factory-label@1.0.2/deno/micromark-factory-label.js": "0241a456fd15cfd1acd01b0f2a0c0abcff22e3cb8cad7c92273509192e6d9f02",
    "https://esm.sh/v99/micromark-factory-space@1.0.0/deno/micromark-factory-space.js": "b24f5e127d76b69fc745ef5da72e55e90951e3b42f3dadb879dcd7b6fd4d6383",
    "https://esm.sh/v99/micromark-factory-title@1.0.2/deno/micromark-factory-title.js": "6329001a6a95c26627e17a79690305b982a8ca7d6c02a92feba718136d47538c",
    "https://esm.sh/v99/micromark-factory-whitespace@1.0.0/deno/micromark-factory-whitespace.js": "c46710088302a9f6e08ba824b6bd2b278a9f198764e629b42279e4921a22db6f",
    "https://esm.sh/v99/micromark-util-character@1.1.0/deno/micromark-util-character.js": "8440332592030f7a4b7e826bf91bab41a9b54ccb8f1ce6dbd23ca11d72230945",
    "https://esm.sh/v99/micromark-util-chunked@1.0.0/deno/micromark-util-chunked.js": "df0ed6b7b0559fde92c00504aff8b9a05c4f07344ba3365e1d0e35b734d64d5a",
    "https://esm.sh/v99/micromark-util-classify-character@1.0.0/deno/micromark-util-classify-character.js": "ee6c9a82282ff0643f6f940530dc6a56da24d350a7ba82ccdd19052e4a59a218",
    "https://esm.sh/v99/micromark-util-combine-extensions@1.0.0/deno/micromark-util-combine-extensions.js": "60571c79ae67daa6c51720288fa907db72a75a110be3b2dd44492a01d28def8e",
    "https://esm.sh/v99/micromark-util-decode-numeric-character-reference@1.0.0/deno/micromark-util-decode-numeric-character-reference.js": "8a3b23cc0a9c33c0c63b09d07e9c7957f16663cb03f4a5fb42b61263825aafd8",
    "https://esm.sh/v99/micromark-util-decode-string@1.0.2/deno/micromark-util-decode-string.js": "ec8655cafb17e5b57ab4142be25069ea5cde8a02094e2cabf781b3419ab7a688",
    "https://esm.sh/v99/micromark-util-encode@1.0.1/deno/micromark-util-encode.js": "3cbfdec3cdf813b7fed185de6edc43841380583949ce0c301615f0c50c43e9e9",
    "https://esm.sh/v99/micromark-util-html-tag-name@1.1.0/deno/micromark-util-html-tag-name.js": "2a34a3b2bceb845508f2d87eea03d2d31d421fb10b0a6e1bcc8aaf749857fc88",
    "https://esm.sh/v99/micromark-util-normalize-identifier@1.0.0/deno/micromark-util-normalize-identifier.js": "abf033051b12b2fe62edb61c1a1f895d79190501be20d390e0d146cbc0d6f1c7",
    "https://esm.sh/v99/micromark-util-resolve-all@1.0.0/deno/micromark-util-resolve-all.js": "57688a5cd4c92a147f4cb4f059f0536141fd770b03c675600586011d011049cb",
    "https://esm.sh/v99/micromark-util-sanitize-uri@1.1.0/deno/micromark-util-sanitize-uri.js": "c972ea554167898346d84e55aa34621b5cf28bec7d8f339765d6b226c1d331fc",
    "https://esm.sh/v99/micromark-util-subtokenize@1.0.2/deno/micromark-util-subtokenize.js": "3780f4ac4df4dbfd67047f15f5b1e26f97899e213b085ea5804ff90e83afc39d",
    "https://esm.sh/v99/micromark-util-types@1.0.2/index.d.ts": "cce0134a9da5d93b08f4da07a18ca5bcb8f595216783bca8572182a928f0f03b",
    "https://esm.sh/v99/nlcst-to-string@3.1.0": "0fbc7a7695921345b8d297266735ac752b286a79c68ba1ec2a46e9de2530a02e",
    "https://esm.sh/v99/nlcst-to-string@3.1.0/deno/nlcst-to-string.js": "f2b770678581c98a08b6fbc296d4705041cc1937a857cf825c453888163e63ac",
    "https://esm.sh/v99/nlcst-to-string@3.1.0/index.d.ts": "d70e4c2e1b91fd6d94d60ace6939fa18eed89caeea2ec0d7c65f3a9f804a020c",
    "https://esm.sh/v99/nth-check@2.1.1/deno/nth-check.js": "cb4a0ff01008bf4a1f10d0a71dfeb1943d90a39d2edb07028600072344d49bb1",
    "https://esm.sh/v99/parse5@6.0.1/deno/lib/common/doctype.js": "b7ba4800c73dbd783f455df7b28b457c25b64b6ce02e561b1b8506c3070de88a",
    "https://esm.sh/v99/parse5@6.0.1/deno/lib/common/error-codes.js": "c3b4e12c50b26ab9d63c86ecb28a88eff3b30aca112079b72f9557e48a91506c",
    "https://esm.sh/v99/parse5@6.0.1/deno/lib/common/foreign-content.js": "3315e36162890e76b420bbf424fe42e4d7d82629269d55c792cee4155b8feac1",
    "https://esm.sh/v99/parse5@6.0.1/deno/lib/common/html.js": "9bd40c29fc2f4eb073713f458055116480b79c5e3fcbf15c93208837b08499f3",
    "https://esm.sh/v99/parse5@6.0.1/deno/lib/common/unicode.js": "149ee66e57d8c6acf76a372fe0c8de38256542aae19bf28c1ec085ed49604481",
    "https://esm.sh/v99/parse5@6.0.1/deno/lib/extensions/error-reporting/mixin-base.js": "9bf0f17d8d70d635c26fe755fd5317543c3439614ae0a12154170edbd8c11c07",
    "https://esm.sh/v99/parse5@6.0.1/deno/lib/extensions/error-reporting/parser-mixin.js": "b38986a09517b5cb9725abc13c6266b1cf1012afdb05df3fcb7cef54a317d641",
    "https://esm.sh/v99/parse5@6.0.1/deno/lib/extensions/error-reporting/preprocessor-mixin.js": "edfbb747187db7934ba265a69b3a2765a8707fb701b384b952c095004e53a7f4",
    "https://esm.sh/v99/parse5@6.0.1/deno/lib/extensions/error-reporting/tokenizer-mixin.js": "930848bacf93a1d113b794c427bac6a37ca59562fbc0ec5f6ba3eca3554b8362",
    "https://esm.sh/v99/parse5@6.0.1/deno/lib/extensions/location-info/open-element-stack-mixin.js": "48a46bd5aeb863e2e102c7baf11a753c1fb0a64ec1cc2cd4ad3bfa2086a17f3e",
    "https://esm.sh/v99/parse5@6.0.1/deno/lib/extensions/location-info/parser-mixin.js": "82887f1f70f1d0f9359ecacb74517eb6d3b32a5f495702ebda3300aee7005ff2",
    "https://esm.sh/v99/parse5@6.0.1/deno/lib/extensions/location-info/tokenizer-mixin.js": "19501b5598a48d84ad8e3c46a4bc6fe1334dfc1406cbaebdda3b4fe213f25d3d",
    "https://esm.sh/v99/parse5@6.0.1/deno/lib/extensions/position-tracking/preprocessor-mixin.js": "dbae3c286787139a490ee35c728e3e6d7bb890f95a1c3f133a6a6793dda908af",
    "https://esm.sh/v99/parse5@6.0.1/deno/lib/parser/formatting-element-list.js": "e1da8f55e4438781b7d2f7c7c47249b03de10cf22bd687c60fc63b45cfc5b3d7",
    "https://esm.sh/v99/parse5@6.0.1/deno/lib/parser/index.js": "1a941cf6e83743578d2a377ce5bea2d9e3d4833ba57a27d4fe14325739bc4094",
    "https://esm.sh/v99/parse5@6.0.1/deno/lib/parser/open-element-stack.js": "d81a7c1b8cddc1d6026f9e9e0e4c77dfefca40b63c65662daca04f8416c7a447",
    "https://esm.sh/v99/parse5@6.0.1/deno/lib/tokenizer.js": "5c6638cb3553999c9d4a91152a7a4042ddce27f7ee6b6209127f5f57b05c0cf5",
    "https://esm.sh/v99/parse5@6.0.1/deno/lib/tokenizer/named-entity-data.js": "0b2ff23f56d625483972057a280af908adfa755c337d87c1df744e6bf5292386",
    "https://esm.sh/v99/parse5@6.0.1/deno/lib/tokenizer/preprocessor.js": "2e23086d7cc7eea46bfad4166521ad42354430a7bed09bd93bdf237335a2bba5",
    "https://esm.sh/v99/parse5@6.0.1/deno/lib/tree-adapters/default.js": "71ff1ca2807d6ba43deec1c5e836d5307184ab013cb58103d98b98ce0c25abb6",
    "https://esm.sh/v99/parse5@6.0.1/deno/lib/utils/merge-options.js": "2b4db3efa63237f367b78471ba112b4b6c4c681e3b74c620d43f7a4f86b93ffc",
    "https://esm.sh/v99/parse5@6.0.1/deno/lib/utils/mixin.js": "1114fb6e04dae8e6964a0ae41df237daff01df2a9c1bca4b05c68fde4c35a01f",
    "https://esm.sh/v99/property-information@6.1.1/deno/property-information.js": "f52a68f89df5a72bd6ce17d0ea026ec6e767f0112a095e008516d1bd51704d9d",
    "https://esm.sh/v99/property-information@6.1.1/index.d.ts": "a9e5c5ec2c2f725d3076d5723936f9421b61aad61c70761a046887e78205faff",
    "https://esm.sh/v99/property-information@6.1.1/lib/find.d.ts": "946fb56407dd8761cb61b1670a6c7df7e12bd5ec4b543b23c627d6ed94d7ce6f",
    "https://esm.sh/v99/property-information@6.1.1/lib/hast-to-react.d.ts": "f211ce7ca5857a92b2e1fa2d5261e1ae5140ab616bb01d786114c0d60963e0d9",
    "https://esm.sh/v99/property-information@6.1.1/lib/normalize.d.ts": "d752d4dde165ab9bd56ddd111f59a6bf46eebbc6d4ba4e433f2ea21d1d0599e6",
    "https://esm.sh/v99/property-information@6.1.1/lib/util/info.d.ts": "7bd32cd2e05737c6a5041ca7a31ceca0c14ce065661c5d1ae5f7bfa35ff3fc5e",
    "https://esm.sh/v99/property-information@6.1.1/lib/util/schema.d.ts": "35fc1ace1046f537efd2a4f06cf58149465ccca6bc1045ee0bd27e58fcd53804",
    "https://esm.sh/v99/property-information@6.2.0/index.d.ts": "a9e5c5ec2c2f725d3076d5723936f9421b61aad61c70761a046887e78205faff",
    "https://esm.sh/v99/property-information@6.2.0/lib/find.d.ts": "946fb56407dd8761cb61b1670a6c7df7e12bd5ec4b543b23c627d6ed94d7ce6f",
    "https://esm.sh/v99/property-information@6.2.0/lib/hast-to-react.d.ts": "46ab5ea5cdbc0ce75ade44ec0d9aa164f81e42b061d8e573b832a73ed181da57",
    "https://esm.sh/v99/property-information@6.2.0/lib/normalize.d.ts": "d752d4dde165ab9bd56ddd111f59a6bf46eebbc6d4ba4e433f2ea21d1d0599e6",
    "https://esm.sh/v99/property-information@6.2.0/lib/util/info.d.ts": "7bd32cd2e05737c6a5041ca7a31ceca0c14ce065661c5d1ae5f7bfa35ff3fc5e",
    "https://esm.sh/v99/property-information@6.2.0/lib/util/schema.d.ts": "35fc1ace1046f537efd2a4f06cf58149465ccca6bc1045ee0bd27e58fcd53804",
    "https://esm.sh/v99/rehype-minify-whitespace@5.0.1/deno/rehype-minify-whitespace.js": "64a9d81c2b8947955b12cc526f2d6d8b4e683de26f9f8710b1b04e1ef2c57a85",
    "https://esm.sh/v99/rehype-parse@8.0.4": "2c4fe95b04abe48211bd7bd5eadd8f4893d53e7821ae230d92c2e79814e4ac27",
    "https://esm.sh/v99/rehype-parse@8.0.4/deno/rehype-parse.js": "197ae0019ffd4a0bbfbf17f89ab2915eb3de49467814897f6992e502f3b4a8bc",
    "https://esm.sh/v99/rehype-parse@8.0.4/index.d.ts": "3aef2841e34c33ce58173ab3b0aaac070b0470ab7f7297ef36050058076a4c04",
    "https://esm.sh/v99/rehype-parse@8.0.4/lib/index.d.ts": "65313f8614b141274cf1f668fbbfb61cf9db76313ec8e6ce3b8e6e1b2ba738f9",
    "https://esm.sh/v99/rehype-remark@9.1.2": "26332b510f51f907fbb98a52a8a9da1c352e6c001f2435e6d7f38a8f7f4278e4",
    "https://esm.sh/v99/rehype-remark@9.1.2/deno/rehype-remark.js": "5a631a1d055f220b6aeb290bdb9abb42981bc9e2ac711967cafa86cf770f07c6",
    "https://esm.sh/v99/rehype-remark@9.1.2/index.d.ts": "043e20c6bd9f51cd73688c8df95497f81db6e59c9864e7ba37b2fa1d0e4aac5a",
    "https://esm.sh/v99/rehype-remark@9.1.2/lib/index.d.ts": "faa2b49544decc6020800db8b1ff79e501b73f8ed2e5ed01f7f3fed622095475",
    "https://esm.sh/v99/rehype-remove-comments@5.0.0/deno/rehype-remove-comments.js": "a45d8e4e0836a3fe457c01cbc56795cca9ce9deed05a6067415478879bb01434",
    "https://esm.sh/v99/rehype-remove-comments@5.0.0/index.d.ts": "f9e64cb7a1f16405fca7d859d3ae0682957ee2b71b476b3b10b75caf632475f5",
    "https://esm.sh/v99/remark-frontmatter@4.0.1/deno/remark-frontmatter.js": "88a7151f0b91500b379f87b6c5740a6e4faa0ef92eed8f3406f2d2ee6d97992a",
    "https://esm.sh/v99/remark-frontmatter@4.0.1/index.d.ts": "ba36f40d20f47c7064c94a9b627c8f3a74b05b9d7e2761b36c0d0536cc6ef003",
    "https://esm.sh/v99/remark-gfm@3.0.1/deno/remark-gfm.js": "c067aebe8eb90f80a7828dc3b82f2e60f53db61eddd77a2ed3a8ef55be03889c",
    "https://esm.sh/v99/remark-gfm@3.0.1/index.d.ts": "92437e0665f1c0b2194de19759b0f53cdf10f6801ce0ea747b6bd98092f0e5b0",
    "https://esm.sh/v99/remark-stringify@10.0.2": "f7f11b0f3f5e6ca7fae6018b3d126fbe3e13461a2e7332348e458adc18b638b6",
    "https://esm.sh/v99/remark-stringify@10.0.2/deno/remark-stringify.js": "81a8749b64867797ce1b74fecae2fb61fa8db2bfad4316a78176f94c81fae9db",
    "https://esm.sh/v99/remark-stringify@10.0.2/index.d.ts": "10fbc367a6d3fb912353b6be554715cb048f7f9854c782be0d4fa89094c16e88",
    "https://esm.sh/v99/remark-stringify@10.0.2/lib/index.d.ts": "e670ea450545758ba13ec4f48b9bb991880c517b1008c500c84ad37c8e612598",
    "https://esm.sh/v99/space-separated-tokens@2.0.2/deno/space-separated-tokens.js": "89399dc4764a505aec3f6966552b99ffd1a27f1cb2a62a67c49f1331b67b3152",
    "https://esm.sh/v99/stringify-entities@4.0.3/deno/stringify-entities.js": "7923756344fcaa5be337ef5f6042b4d882cd60b064d49b6a2b541ae63fe97484",
    "https://esm.sh/v99/stringify-entities@4.0.3/index.d.ts": "0bf3069ff807079ea3146c99567dc35808a0bb7f13e09fa8669b7260f9380152",
    "https://esm.sh/v99/stringify-entities@4.0.3/lib/core.d.ts": "0031b32fbaefc85371847aae06de5f4f180e9ef6d15d20337df9263bfa89e1e4",
    "https://esm.sh/v99/stringify-entities@4.0.3/lib/index.d.ts": "3e1fd20a36aa18e287ff92fba23023cad2a2b6f8472586aa652b3c1ba86c4c3c",
    "https://esm.sh/v99/stringify-entities@4.0.3/lib/util/format-smart.d.ts": "c19d7ac12ed3eba32c4a5de206abad95aff3076b9fca167964c0962796fa2ac7",
    "https://esm.sh/v99/trim-trailing-lines@2.1.0/deno/trim-trailing-lines.js": "3468c388d8f17370e8d117fdc011145475e4085b871b6edcc6356e7b1fe39549",
    "https://esm.sh/v99/trough@2.1.0/deno/trough.js": "1c4ee11198b1f3b897ccec55456112b327bbf740bffdce6d378f808af907704c",
    "https://esm.sh/v99/unified@10.1.2": "49e87876669949a7e4e0c279d9a01f2c4769490e42fcf704aec4e96e7fa8d3e8",
    "https://esm.sh/v99/unified@10.1.2/deno/unified.js": "5fdd0112c7daaa1b91b90f08184b0f726ba7568421d1f289c068b23cc4e1a163",
    "https://esm.sh/v99/unified@10.1.2/index.d.ts": "0fb121305e227ed812abac7024ab3f5728e31f5b70c6baac65339d1415ded727",
    "https://esm.sh/v99/unist-util-filter@4.0.0/deno/unist-util-filter.js": "2dd410c06f7efd668651e93b2d00b57e9773232adad50fe7fd7d86614fe5335f",
    "https://esm.sh/v99/unist-util-find-after@4.0.0/deno/unist-util-find-after.js": "c9b1212494553e8fcac8c9f3c1b419174535e635187947df7e8270c624ef9a4e",
    "https://esm.sh/v99/unist-util-is@5.1.1/deno/unist-util-is.js": "5fc075d17285b85da872e95becd29defb030e940f5d52d8051f61e62181b18da",
    "https://esm.sh/v99/unist-util-is@5.1.1/index.d.ts": "d5f0965e2b7202a4c6f440341667ff20e726cc1e71a62a977d9e394dded2f4a7",
    "https://esm.sh/v99/unist-util-stringify-position@3.0.2/deno/unist-util-stringify-position.js": "eb3c895febac9ad1279cdf2e3b617ddd7db488db31340e361fe787db8fff626a",
    "https://esm.sh/v99/unist-util-visit-parents@5.1.1/complex-types.d.ts": "ff2f7a6ad5597f03105e1f904e4adc44b91c28f2804600fd9c51b93e8568fc22",
    "https://esm.sh/v99/unist-util-visit-parents@5.1.1/deno/unist-util-visit-parents.js": "ed6d7a8f06a93c478f2695487af0f158fd9b9fd2d8cf572ae4389db7d3cd799d",
    "https://esm.sh/v99/unist-util-visit-parents@5.1.1/index.d.ts": "9f5f4c2a48cc3309da1bcc8e10126c26d07dc9ac3a4570ac689ae6f68c16c3ed",
    "https://esm.sh/v99/unist-util-visit@4.1.1": "1eadc52e4daf92e90710f0ee0bddc66c313aa66b24f706286e7a3f48cf8f1d42",
    "https://esm.sh/v99/unist-util-visit@4.1.1/complex-types.d.ts": "3b7378f1d147ee96908b324932d771774a6a448ca10d6c2f5f9a00d8d5c64187",
    "https://esm.sh/v99/unist-util-visit@4.1.1/deno/unist-util-visit.js": "d449ee4dfc09d13d0290289069f3cd92d9e4939ff30fd821e4a5c03e85af5e12",
    "https://esm.sh/v99/unist-util-visit@4.1.1/index.d.ts": "c6123da961b65c63b84a2d65b7ff0828728265c6df9bb7ed48e7f59f1435ddd2",
    "https://esm.sh/v99/vfile-location@4.0.1/deno/vfile-location.js": "52696eca676de97de51fc5828a3e4af5ef914a84d21bd274e171f75586c18c2e",
    "https://esm.sh/v99/vfile-message@3.1.3/deno/vfile-message.js": "ecc5c19462e8a29769e226311a1bb9ad3b72dc85847e34238ac1ae3e448a1a59",
    "https://esm.sh/v99/vfile-message@3.1.3/index.d.ts": "95ada3f48f05d42099741cc16749bd8787a5d99b29b07ed515ecf7fce9627acc",
    "https://esm.sh/v99/vfile@5.3.6/deno/vfile.js": "ba140806dc8afd77ba9768421bab5dca57c69756e7f916aca571ff3013b8e629",
    "https://esm.sh/v99/vfile@5.3.6/index.d.ts": "6723559bb22bf7f2eea158222d3e1f0a04e3f09d132f6d6387d8e5acf1be9ed0",
    "https://esm.sh/v99/vfile@5.3.6/lib/index.d.ts": "6290ba0b59641d1b5dbe7a607340317a120d3c600c0a1b26f7505cb893393b0c",
    "https://esm.sh/v99/vfile@5.3.6/lib/minurl.shared.d.ts": "3706ce5f7daa3461e02dd6dc33083b8e22cb9691e9348b8e481a5d049e62d897",
    "https://esm.sh/v99/web-namespaces@2.0.1/deno/web-namespaces.js": "341a8662c28d91fbaad74834d219cfb516deceec7a72ba988166b3849992b09c",
    "https://esm.sh/v99/zwitch@2.0.4/deno/zwitch.js": "c155a8dcd1a70f4c6083046c644d1747c3c3d1858a738fe6f359c5e8e424f82f"
  }
}
